// !$*UTF8*$!
{
	archiveVersion = 1;
	classes = {
	};
	objectVersion = 50;
	objects = {

/* Begin PBXBuildFile section */
		AD20E3D9269F454E003BB5F1 /* Constants.swift in Sources */ = {isa = PBXBuildFile; fileRef = AD20E3D8269F454E003BB5F1 /* Constants.swift */; };
		AD20E3DB269F5139003BB5F1 /* TabBarController.swift in Sources */ = {isa = PBXBuildFile; fileRef = AD20E3DA269F5139003BB5F1 /* TabBarController.swift */; };
		AD20E3DD269F5498003BB5F1 /* ProfileViewController.swift in Sources */ = {isa = PBXBuildFile; fileRef = AD20E3DC269F5498003BB5F1 /* ProfileViewController.swift */; };
		AD20E3E0269F5E00003BB5F1 /* ProfileConfigurator.swift in Sources */ = {isa = PBXBuildFile; fileRef = AD20E3DF269F5E00003BB5F1 /* ProfileConfigurator.swift */; };
		AD20E3E2269F5E3B003BB5F1 /* ProfilePresenter.swift in Sources */ = {isa = PBXBuildFile; fileRef = AD20E3E1269F5E3B003BB5F1 /* ProfilePresenter.swift */; };
		AD20E3E4269F5F86003BB5F1 /* UserProfile.swift in Sources */ = {isa = PBXBuildFile; fileRef = AD20E3E3269F5F86003BB5F1 /* UserProfile.swift */; };
		AD20E3F826A0B57F003BB5F1 /* RequestProtocol.swift in Sources */ = {isa = PBXBuildFile; fileRef = AD20E3F726A0B57F003BB5F1 /* RequestProtocol.swift */; };
		AD20E3FA26A0B8DB003BB5F1 /* APIEnvironment.swift in Sources */ = {isa = PBXBuildFile; fileRef = AD20E3F926A0B8DB003BB5F1 /* APIEnvironment.swift */; };
		AD20E3FC26A0BD1D003BB5F1 /* APINetworkSession.swift in Sources */ = {isa = PBXBuildFile; fileRef = AD20E3FB26A0BD1D003BB5F1 /* APINetworkSession.swift */; };
		AD20E3FE26A1514C003BB5F1 /* APIOperation.swift in Sources */ = {isa = PBXBuildFile; fileRef = AD20E3FD26A1514C003BB5F1 /* APIOperation.swift */; };
		AD20E40026A15A83003BB5F1 /* APIRequestDispatcher.swift in Sources */ = {isa = PBXBuildFile; fileRef = AD20E3FF26A15A83003BB5F1 /* APIRequestDispatcher.swift */; };
		AD20E40226A16EAB003BB5F1 /* GitHubEndpoint.swift in Sources */ = {isa = PBXBuildFile; fileRef = AD20E40126A16EAB003BB5F1 /* GitHubEndpoint.swift */; };
		AD20E40826A58A07003BB5F1 /* TableCellManager.swift in Sources */ = {isa = PBXBuildFile; fileRef = AD20E40726A58A07003BB5F1 /* TableCellManager.swift */; };
		AD20E40C26A58DB3003BB5F1 /* BaseTableViewCell.swift in Sources */ = {isa = PBXBuildFile; fileRef = AD20E40B26A58DB3003BB5F1 /* BaseTableViewCell.swift */; };
		AD20E40E26A59514003BB5F1 /* UITableView+extensions.swift in Sources */ = {isa = PBXBuildFile; fileRef = AD20E40D26A59514003BB5F1 /* UITableView+extensions.swift */; };
		AD20E41226A5995C003BB5F1 /* ProfileMostPopularCell.swift in Sources */ = {isa = PBXBuildFile; fileRef = AD20E41126A5995C003BB5F1 /* ProfileMostPopularCell.swift */; };
		AD20E41A26A5A019003BB5F1 /* ProfileHeaderTableViewCell.swift in Sources */ = {isa = PBXBuildFile; fileRef = AD20E41826A5A019003BB5F1 /* ProfileHeaderTableViewCell.swift */; };
		AD20E41B26A5A019003BB5F1 /* ProfileHeaderTableViewCell.xib in Resources */ = {isa = PBXBuildFile; fileRef = AD20E41926A5A019003BB5F1 /* ProfileHeaderTableViewCell.xib */; };
		AD20E41D26A5ABCB003BB5F1 /* UIView+NibLoadable.swift in Sources */ = {isa = PBXBuildFile; fileRef = AD20E41C26A5ABCB003BB5F1 /* UIView+NibLoadable.swift */; };
		AD20E42A26A5CAF9003BB5F1 /* Repository.swift in Sources */ = {isa = PBXBuildFile; fileRef = AD20E42926A5CAF9003BB5F1 /* Repository.swift */; };
		AD20E42D26A5DDBF003BB5F1 /* ProfilePopularRepositoryCollectionViewCell.swift in Sources */ = {isa = PBXBuildFile; fileRef = AD20E42B26A5DDBF003BB5F1 /* ProfilePopularRepositoryCollectionViewCell.swift */; };
		AD20E42E26A5DDBF003BB5F1 /* ProfilePopularRepositoryCollectionViewCell.xib in Resources */ = {isa = PBXBuildFile; fileRef = AD20E42C26A5DDBF003BB5F1 /* ProfilePopularRepositoryCollectionViewCell.xib */; };
		AD20E43726A60C4C003BB5F1 /* MyRepositoriesViewController.swift in Sources */ = {isa = PBXBuildFile; fileRef = AD20E43626A60C4C003BB5F1 /* MyRepositoriesViewController.swift */; };
		AD20E43A26A60DBE003BB5F1 /* MyRepositoryTableViewCell.swift in Sources */ = {isa = PBXBuildFile; fileRef = AD20E43826A60DBE003BB5F1 /* MyRepositoryTableViewCell.swift */; };
		AD20E43B26A60DBE003BB5F1 /* MyRepositoryTableViewCell.xib in Resources */ = {isa = PBXBuildFile; fileRef = AD20E43926A60DBE003BB5F1 /* MyRepositoryTableViewCell.xib */; };
		AD20E43D26A69F91003BB5F1 /* WebImageView.swift in Sources */ = {isa = PBXBuildFile; fileRef = AD20E43C26A69F91003BB5F1 /* WebImageView.swift */; };
		AD20E44026A6B5E2003BB5F1 /* RepositoryDetailsViewController.swift in Sources */ = {isa = PBXBuildFile; fileRef = AD20E43F26A6B5E2003BB5F1 /* RepositoryDetailsViewController.swift */; };
		AD20E44426A6B749003BB5F1 /* RepositoryDetailsHeaderTableViewCell.swift in Sources */ = {isa = PBXBuildFile; fileRef = AD20E44226A6B749003BB5F1 /* RepositoryDetailsHeaderTableViewCell.swift */; };
		AD20E44526A6B749003BB5F1 /* RepositoryDetailsHeaderTableViewCell.xib in Resources */ = {isa = PBXBuildFile; fileRef = AD20E44326A6B749003BB5F1 /* RepositoryDetailsHeaderTableViewCell.xib */; };
		AD20E44726A6B845003BB5F1 /* ReadMeTableViewCell.swift in Sources */ = {isa = PBXBuildFile; fileRef = AD20E44626A6B845003BB5F1 /* ReadMeTableViewCell.swift */; };
		AD20E44926A6B99C003BB5F1 /* RepositoryDetailsPresenter.swift in Sources */ = {isa = PBXBuildFile; fileRef = AD20E44826A6B99C003BB5F1 /* RepositoryDetailsPresenter.swift */; };
		AD20E44B26A6BBAE003BB5F1 /* TableViewCell.swift in Sources */ = {isa = PBXBuildFile; fileRef = AD20E44A26A6BBAE003BB5F1 /* TableViewCell.swift */; };
		AD20E44E26A6F29D003BB5F1 /* CoreDataStack.swift in Sources */ = {isa = PBXBuildFile; fileRef = AD20E44D26A6F29D003BB5F1 /* CoreDataStack.swift */; };
		AD20E45126A6FC32003BB5F1 /* Model.xcdatamodeld in Sources */ = {isa = PBXBuildFile; fileRef = AD20E44F26A6FC32003BB5F1 /* Model.xcdatamodeld */; };
		AD20E45326A70FC6003BB5F1 /* LocalStorage.swift in Sources */ = {isa = PBXBuildFile; fileRef = AD20E45226A70FC6003BB5F1 /* LocalStorage.swift */; };
		AD20E45526A719B8003BB5F1 /* CoreDataManager.swift in Sources */ = {isa = PBXBuildFile; fileRef = AD20E45426A719B8003BB5F1 /* CoreDataManager.swift */; };
		AD20E45726A723B0003BB5F1 /* AsyncOperation.swift in Sources */ = {isa = PBXBuildFile; fileRef = AD20E45626A723B0003BB5F1 /* AsyncOperation.swift */; };
		AD20E45B26A74279003BB5F1 /* ProfileInteractor.swift in Sources */ = {isa = PBXBuildFile; fileRef = AD20E45A26A74279003BB5F1 /* ProfileInteractor.swift */; };
		AD20E46126A8299B003BB5F1 /* ServicesManager.swift in Sources */ = {isa = PBXBuildFile; fileRef = AD20E46026A8299B003BB5F1 /* ServicesManager.swift */; };
		AD20E46426A84B4E003BB5F1 /* UserProfileAdapter.swift in Sources */ = {isa = PBXBuildFile; fileRef = AD20E46326A84B4E003BB5F1 /* UserProfileAdapter.swift */; };
		AD20E46626A8501F003BB5F1 /* RepositoryAdapter.swift in Sources */ = {isa = PBXBuildFile; fileRef = AD20E46526A8501F003BB5F1 /* RepositoryAdapter.swift */; };
		AD20E46826A86D9C003BB5F1 /* LicenseAdapter.swift in Sources */ = {isa = PBXBuildFile; fileRef = AD20E46726A86D9C003BB5F1 /* LicenseAdapter.swift */; };
		AD20E47126A897CC003BB5F1 /* SettingsGeneralViewController.swift in Sources */ = {isa = PBXBuildFile; fileRef = AD20E47026A897CC003BB5F1 /* SettingsGeneralViewController.swift */; };
		AD20E47326A89934003BB5F1 /* SettingsViewModel.swift in Sources */ = {isa = PBXBuildFile; fileRef = AD20E47226A89934003BB5F1 /* SettingsViewModel.swift */; };
		AD20E47526A8A522003BB5F1 /* SettingsAppIconViewController.swift in Sources */ = {isa = PBXBuildFile; fileRef = AD20E47426A8A522003BB5F1 /* SettingsAppIconViewController.swift */; };
		AD20E4D226A8B313003BB5F1 /* AppIconPinkLight@3x-3.png in Resources */ = {isa = PBXBuildFile; fileRef = AD20E4C026A8B312003BB5F1 /* AppIconPinkLight@3x-3.png */; };
		AD20E4D326A8B313003BB5F1 /* AppIconPinkLight@2x-7.png in Resources */ = {isa = PBXBuildFile; fileRef = AD20E4C126A8B312003BB5F1 /* AppIconPinkLight@2x-7.png */; };
		AD20E4D426A8B313003BB5F1 /* AppIconPinkLight@2x.png in Resources */ = {isa = PBXBuildFile; fileRef = AD20E4C226A8B312003BB5F1 /* AppIconPinkLight@2x.png */; };
		AD20E4D526A8B313003BB5F1 /* AppIconPinkLight@2x-6.png in Resources */ = {isa = PBXBuildFile; fileRef = AD20E4C326A8B312003BB5F1 /* AppIconPinkLight@2x-6.png */; };
		AD20E4D626A8B313003BB5F1 /* AppIconPinkLight@2x-1.png in Resources */ = {isa = PBXBuildFile; fileRef = AD20E4C426A8B312003BB5F1 /* AppIconPinkLight@2x-1.png */; };
		AD20E4D726A8B313003BB5F1 /* AppIconPinkLight@2x-3.png in Resources */ = {isa = PBXBuildFile; fileRef = AD20E4C526A8B312003BB5F1 /* AppIconPinkLight@2x-3.png */; };
		AD20E4D826A8B313003BB5F1 /* AppIconPinkLight@3x-1.png in Resources */ = {isa = PBXBuildFile; fileRef = AD20E4C626A8B312003BB5F1 /* AppIconPinkLight@3x-1.png */; };
		AD20E4D926A8B313003BB5F1 /* AppIconPinkLight-1.png in Resources */ = {isa = PBXBuildFile; fileRef = AD20E4C726A8B312003BB5F1 /* AppIconPinkLight-1.png */; };
		AD20E4DA26A8B313003BB5F1 /* AppIconPinkLight-2.png in Resources */ = {isa = PBXBuildFile; fileRef = AD20E4C826A8B312003BB5F1 /* AppIconPinkLight-2.png */; };
		AD20E4DB26A8B313003BB5F1 /* AppIconPinkLight@2x-2.png in Resources */ = {isa = PBXBuildFile; fileRef = AD20E4C926A8B312003BB5F1 /* AppIconPinkLight@2x-2.png */; };
		AD20E4DC26A8B313003BB5F1 /* AppIconPinkLight@3x-2.png in Resources */ = {isa = PBXBuildFile; fileRef = AD20E4CA26A8B312003BB5F1 /* AppIconPinkLight@3x-2.png */; };
		AD20E4DD26A8B313003BB5F1 /* AppIconPinkLight@2x-5.png in Resources */ = {isa = PBXBuildFile; fileRef = AD20E4CB26A8B313003BB5F1 /* AppIconPinkLight@2x-5.png */; };
		AD20E4DE26A8B313003BB5F1 /* AppIconPinkLight-4.png in Resources */ = {isa = PBXBuildFile; fileRef = AD20E4CC26A8B313003BB5F1 /* AppIconPinkLight-4.png */; };
		AD20E4DF26A8B313003BB5F1 /* AppIconPinkLight@2x-4.png in Resources */ = {isa = PBXBuildFile; fileRef = AD20E4CD26A8B313003BB5F1 /* AppIconPinkLight@2x-4.png */; };
		AD20E4E026A8B313003BB5F1 /* AppIconPinkLight.png in Resources */ = {isa = PBXBuildFile; fileRef = AD20E4CE26A8B313003BB5F1 /* AppIconPinkLight.png */; };
		AD20E4E126A8B313003BB5F1 /* AppIconPinkLight-3.png in Resources */ = {isa = PBXBuildFile; fileRef = AD20E4CF26A8B313003BB5F1 /* AppIconPinkLight-3.png */; };
		AD20E4E226A8B313003BB5F1 /* AppIconPinkLight@3x.png in Resources */ = {isa = PBXBuildFile; fileRef = AD20E4D026A8B313003BB5F1 /* AppIconPinkLight@3x.png */; };
		AD20E4E326A8B313003BB5F1 /* AppIconPinkLight@3x-4.png in Resources */ = {isa = PBXBuildFile; fileRef = AD20E4D126A8B313003BB5F1 /* AppIconPinkLight@3x-4.png */; };
		AD20E4EA26A8B9A3003BB5F1 /* SettingAppearanceViewController.swift in Sources */ = {isa = PBXBuildFile; fileRef = AD20E4E926A8B9A3003BB5F1 /* SettingAppearanceViewController.swift */; };
		AD20E4ED26A8C060003BB5F1 /* HomeViewController.swift in Sources */ = {isa = PBXBuildFile; fileRef = AD20E4EC26A8C060003BB5F1 /* HomeViewController.swift */; };
		AD20E4F026A949B8003BB5F1 /* HomeConfigurator.swift in Sources */ = {isa = PBXBuildFile; fileRef = AD20E4EF26A949B8003BB5F1 /* HomeConfigurator.swift */; };
		AD20E4F226A94A2B003BB5F1 /* HomePresenter.swift in Sources */ = {isa = PBXBuildFile; fileRef = AD20E4F126A94A2B003BB5F1 /* HomePresenter.swift */; };
		AD20E4F426A94A70003BB5F1 /* HomeInteractor.swift in Sources */ = {isa = PBXBuildFile; fileRef = AD20E4F326A94A70003BB5F1 /* HomeInteractor.swift */; };
		AD20E4F726A95DB9003BB5F1 /* FavoritesEmptyTableViewCell.swift in Sources */ = {isa = PBXBuildFile; fileRef = AD20E4F526A95DB9003BB5F1 /* FavoritesEmptyTableViewCell.swift */; };
		AD20E4F826A95DB9003BB5F1 /* FavoritesEmptyTableViewCell.xib in Resources */ = {isa = PBXBuildFile; fileRef = AD20E4F626A95DB9003BB5F1 /* FavoritesEmptyTableViewCell.xib */; };
		AD20E4FC26A95F84003BB5F1 /* RecentEventsTableViewCell.swift in Sources */ = {isa = PBXBuildFile; fileRef = AD20E4FA26A95F84003BB5F1 /* RecentEventsTableViewCell.swift */; };
		AD20E4FD26A95F84003BB5F1 /* RecentEventsTableViewCell.xib in Resources */ = {isa = PBXBuildFile; fileRef = AD20E4FB26A95F84003BB5F1 /* RecentEventsTableViewCell.xib */; };
		AD20E50226A96774003BB5F1 /* Issue.swift in Sources */ = {isa = PBXBuildFile; fileRef = AD20E50126A96774003BB5F1 /* Issue.swift */; };
		AD20E50426A990A9003BB5F1 /* LabelModel.swift in Sources */ = {isa = PBXBuildFile; fileRef = AD20E50326A990A9003BB5F1 /* LabelModel.swift */; };
		AD20E50626A993A5003BB5F1 /* Milestone.swift in Sources */ = {isa = PBXBuildFile; fileRef = AD20E50526A993A5003BB5F1 /* Milestone.swift */; };
		AD20E50826A994A6003BB5F1 /* PullRequest.swift in Sources */ = {isa = PBXBuildFile; fileRef = AD20E50726A994A6003BB5F1 /* PullRequest.swift */; };
		AD20E50B26A99982003BB5F1 /* IssuesViewController.swift in Sources */ = {isa = PBXBuildFile; fileRef = AD20E50A26A99982003BB5F1 /* IssuesViewController.swift */; };
		AD20E50D26A99DFE003BB5F1 /* IssuesPresenter.swift in Sources */ = {isa = PBXBuildFile; fileRef = AD20E50C26A99DFE003BB5F1 /* IssuesPresenter.swift */; };
		AD20E51026A9A81A003BB5F1 /* IssueTableViewCell.swift in Sources */ = {isa = PBXBuildFile; fileRef = AD20E50E26A9A81A003BB5F1 /* IssueTableViewCell.swift */; };
		AD20E51126A9A81A003BB5F1 /* IssueTableViewCell.xib in Resources */ = {isa = PBXBuildFile; fileRef = AD20E50F26A9A81A003BB5F1 /* IssueTableViewCell.xib */; };
		AD20E51626A9B02B003BB5F1 /* IssueDetailsViewController.swift in Sources */ = {isa = PBXBuildFile; fileRef = AD20E51526A9B02B003BB5F1 /* IssueDetailsViewController.swift */; };
		AD20E51826A9B2FD003BB5F1 /* IssueDetailsPresenter.swift in Sources */ = {isa = PBXBuildFile; fileRef = AD20E51726A9B2FD003BB5F1 /* IssueDetailsPresenter.swift */; };
		AD20E51B26A9B5FE003BB5F1 /* IssueDetailsHeaderTableViewCell.swift in Sources */ = {isa = PBXBuildFile; fileRef = AD20E51926A9B5FE003BB5F1 /* IssueDetailsHeaderTableViewCell.swift */; };
		AD20E51C26A9B5FE003BB5F1 /* IssueDetailsHeaderTableViewCell.xib in Resources */ = {isa = PBXBuildFile; fileRef = AD20E51A26A9B5FE003BB5F1 /* IssueDetailsHeaderTableViewCell.xib */; };
		AD20E52026A9B67A003BB5F1 /* IssueDetailsCommentTableViewCell.swift in Sources */ = {isa = PBXBuildFile; fileRef = AD20E51E26A9B67A003BB5F1 /* IssueDetailsCommentTableViewCell.swift */; };
		AD20E52126A9B67A003BB5F1 /* IssueDetailsCommentTableViewCell.xib in Resources */ = {isa = PBXBuildFile; fileRef = AD20E51F26A9B67A003BB5F1 /* IssueDetailsCommentTableViewCell.xib */; };
		AD20E52426A9C164003BB5F1 /* IssueDetailsConfigurator.swift in Sources */ = {isa = PBXBuildFile; fileRef = AD20E52326A9C164003BB5F1 /* IssueDetailsConfigurator.swift */; };
		AD20E52826AA0038003BB5F1 /* IssuesListConfigurator.swift in Sources */ = {isa = PBXBuildFile; fileRef = AD20E52726AA0038003BB5F1 /* IssuesListConfigurator.swift */; };
		AD20E52A26AA8CFC003BB5F1 /* SearchBarWithFiltersView.swift in Sources */ = {isa = PBXBuildFile; fileRef = AD20E52926AA8CFC003BB5F1 /* SearchBarWithFiltersView.swift */; };
		AD20E52F26AA9429003BB5F1 /* DetailTableViewCell.swift in Sources */ = {isa = PBXBuildFile; fileRef = AD20E52D26AA9429003BB5F1 /* DetailTableViewCell.swift */; };
		AD20E53026AA9429003BB5F1 /* DetailTableViewCell.xib in Resources */ = {isa = PBXBuildFile; fileRef = AD20E52E26AA9429003BB5F1 /* DetailTableViewCell.xib */; };
		AD20E53326AA9908003BB5F1 /* RepositoriesListViewController.swift in Sources */ = {isa = PBXBuildFile; fileRef = AD20E53226AA9908003BB5F1 /* RepositoriesListViewController.swift */; };
		AD20E53526AA9918003BB5F1 /* RepositoriesListPresenter.swift in Sources */ = {isa = PBXBuildFile; fileRef = AD20E53426AA9918003BB5F1 /* RepositoriesListPresenter.swift */; };
		AD20E53726AA9926003BB5F1 /* RepositoriesListConfigurator.swift in Sources */ = {isa = PBXBuildFile; fileRef = AD20E53626AA9926003BB5F1 /* RepositoriesListConfigurator.swift */; };
		AD20E53926AA9CC1003BB5F1 /* RepositoryDetailsConfigurator.swift in Sources */ = {isa = PBXBuildFile; fileRef = AD20E53826AA9CC1003BB5F1 /* RepositoryDetailsConfigurator.swift */; };
		AD20E53D26AAA5F1003BB5F1 /* ExploreViewController.swift in Sources */ = {isa = PBXBuildFile; fileRef = AD20E53C26AAA5F1003BB5F1 /* ExploreViewController.swift */; };
		AD20E53F26AAA634003BB5F1 /* ExploreConfigurator.swift in Sources */ = {isa = PBXBuildFile; fileRef = AD20E53E26AAA634003BB5F1 /* ExploreConfigurator.swift */; };
		AD20E54226AAA698003BB5F1 /* NotificationsViewController.swift in Sources */ = {isa = PBXBuildFile; fileRef = AD20E54126AAA698003BB5F1 /* NotificationsViewController.swift */; };
		AD20E54426AAA6F1003BB5F1 /* NotificationsConfigurator.swift in Sources */ = {isa = PBXBuildFile; fileRef = AD20E54326AAA6F1003BB5F1 /* NotificationsConfigurator.swift */; };
		AD20E54626AAAB96003BB5F1 /* ExplorePresenter.swift in Sources */ = {isa = PBXBuildFile; fileRef = AD20E54526AAAB96003BB5F1 /* ExplorePresenter.swift */; };
		AD20E54A26AAB78D003BB5F1 /* FeaturedCollectionViewCell.swift in Sources */ = {isa = PBXBuildFile; fileRef = AD20E54826AAB78D003BB5F1 /* FeaturedCollectionViewCell.swift */; };
		AD20E54B26AAB78D003BB5F1 /* FeaturedCollectionViewCell.xib in Resources */ = {isa = PBXBuildFile; fileRef = AD20E54926AAB78D003BB5F1 /* FeaturedCollectionViewCell.xib */; };
		AD20E54D26AAB848003BB5F1 /* CollectionCellManager.swift in Sources */ = {isa = PBXBuildFile; fileRef = AD20E54C26AAB848003BB5F1 /* CollectionCellManager.swift */; };
		AD20E55026AAC4B3003BB5F1 /* MediumCollectionViewCell.swift in Sources */ = {isa = PBXBuildFile; fileRef = AD20E54E26AAC4B3003BB5F1 /* MediumCollectionViewCell.swift */; };
		AD20E55126AAC4B3003BB5F1 /* MediumCollectionViewCell.xib in Resources */ = {isa = PBXBuildFile; fileRef = AD20E54F26AAC4B3003BB5F1 /* MediumCollectionViewCell.xib */; };
		AD20E55426AACAE3003BB5F1 /* SmallCollectionViewCell.swift in Sources */ = {isa = PBXBuildFile; fileRef = AD20E55226AACAE3003BB5F1 /* SmallCollectionViewCell.swift */; };
		AD20E55526AACAE3003BB5F1 /* SmallCollectionViewCell.xib in Resources */ = {isa = PBXBuildFile; fileRef = AD20E55326AACAE3003BB5F1 /* SmallCollectionViewCell.xib */; };
		AD20E55826AAD0B3003BB5F1 /* SmallCategoryCollectionViewCell.swift in Sources */ = {isa = PBXBuildFile; fileRef = AD20E55626AAD0B3003BB5F1 /* SmallCategoryCollectionViewCell.swift */; };
		AD20E55926AAD0B3003BB5F1 /* SmallCategoryCollectionViewCell.xib in Resources */ = {isa = PBXBuildFile; fileRef = AD20E55726AAD0B3003BB5F1 /* SmallCategoryCollectionViewCell.xib */; };
		AD20E56126AAFB35003BB5F1 /* TokenResponse.swift in Sources */ = {isa = PBXBuildFile; fileRef = AD20E56026AAFB35003BB5F1 /* TokenResponse.swift */; };
		AD20E56326AB0147003BB5F1 /* ApplicationPresenter.swift in Sources */ = {isa = PBXBuildFile; fileRef = AD20E56226AB0147003BB5F1 /* ApplicationPresenter.swift */; };
		AD20E56526AB1324003BB5F1 /* AccountSettingsViewController.swift in Sources */ = {isa = PBXBuildFile; fileRef = AD20E56426AB1324003BB5F1 /* AccountSettingsViewController.swift */; };
		AD20E56826AB24FA003BB5F1 /* AuthorizationViewController.swift in Sources */ = {isa = PBXBuildFile; fileRef = AD20E56726AB24FA003BB5F1 /* AuthorizationViewController.swift */; };
		AD20E56A26AB2F76003BB5F1 /* ErrorResponse.swift in Sources */ = {isa = PBXBuildFile; fileRef = AD20E56926AB2F76003BB5F1 /* ErrorResponse.swift */; };
		AD20E56C26AB4090003BB5F1 /* SearchResultViewController.swift in Sources */ = {isa = PBXBuildFile; fileRef = AD20E56B26AB4090003BB5F1 /* SearchResultViewController.swift */; };
		AD20E56F26AB4F39003BB5F1 /* SearchTypeTableViewCell.swift in Sources */ = {isa = PBXBuildFile; fileRef = AD20E56D26AB4F39003BB5F1 /* SearchTypeTableViewCell.swift */; };
		AD20E57026AB4F39003BB5F1 /* SearchTypeTableViewCell.xib in Resources */ = {isa = PBXBuildFile; fileRef = AD20E56E26AB4F39003BB5F1 /* SearchTypeTableViewCell.xib */; };
		AD20E57326AB5132003BB5F1 /* UIImage+extensions.swift in Sources */ = {isa = PBXBuildFile; fileRef = AD20E57226AB5132003BB5F1 /* UIImage+extensions.swift */; };
		AD20E57826ABDA7C003BB5F1 /* Dictionary+extensions.swift in Sources */ = {isa = PBXBuildFile; fileRef = AD20E57726ABDA7C003BB5F1 /* Dictionary+extensions.swift */; };
		AD20E57A26ABDAB1003BB5F1 /* CharacterSet+extensions.swift in Sources */ = {isa = PBXBuildFile; fileRef = AD20E57926ABDAB1003BB5F1 /* CharacterSet+extensions.swift */; };
		AD3776E1269F2697000AA54C /* AppDelegate.swift in Sources */ = {isa = PBXBuildFile; fileRef = AD3776E0269F2697000AA54C /* AppDelegate.swift */; };
		AD3776E3269F2697000AA54C /* SceneDelegate.swift in Sources */ = {isa = PBXBuildFile; fileRef = AD3776E2269F2697000AA54C /* SceneDelegate.swift */; };
		AD3776E5269F2697000AA54C /* SearchViewController.swift in Sources */ = {isa = PBXBuildFile; fileRef = AD3776E4269F2697000AA54C /* SearchViewController.swift */; };
		AD3776EA269F2698000AA54C /* Assets.xcassets in Resources */ = {isa = PBXBuildFile; fileRef = AD3776E9269F2698000AA54C /* Assets.xcassets */; };
		AD3776ED269F2698000AA54C /* LaunchScreen.storyboard in Resources */ = {isa = PBXBuildFile; fileRef = AD3776EB269F2698000AA54C /* LaunchScreen.storyboard */; };
		AD3776F5269F26B1000AA54C /* LoginViewController.swift in Sources */ = {isa = PBXBuildFile; fileRef = AD3776F4269F26B1000AA54C /* LoginViewController.swift */; };
		AD3776F7269F270A000AA54C /* UserStorage.swift in Sources */ = {isa = PBXBuildFile; fileRef = AD3776F6269F270A000AA54C /* UserStorage.swift */; };
		AD79550226ABEFC5004E6973 /* UIView+IBInspectable.swift in Sources */ = {isa = PBXBuildFile; fileRef = AD79550126ABEFC5004E6973 /* UIView+IBInspectable.swift */; };
		AD79550426ABF481004E6973 /* Button.swift in Sources */ = {isa = PBXBuildFile; fileRef = AD79550326ABF481004E6973 /* Button.swift */; };
		AD79550626ABFD8E004E6973 /* LanguageColors.json in Resources */ = {isa = PBXBuildFile; fileRef = AD79550526ABFD8E004E6973 /* LanguageColors.json */; };
		AD79550826ABFFF7004E6973 /* UIColor+hex.swift in Sources */ = {isa = PBXBuildFile; fileRef = AD79550726ABFFF7004E6973 /* UIColor+hex.swift */; };
		AD79550A26AC067B004E6973 /* SettingsStorage.swift in Sources */ = {isa = PBXBuildFile; fileRef = AD79550926AC067B004E6973 /* SettingsStorage.swift */; };
		AD79550C26AC0C14004E6973 /* NotificationsEmptyView.swift in Sources */ = {isa = PBXBuildFile; fileRef = AD79550B26AC0C14004E6973 /* NotificationsEmptyView.swift */; };
		AD79550F26AC11D4004E6973 /* SearchConfigurator.swift in Sources */ = {isa = PBXBuildFile; fileRef = AD79550E26AC11D4004E6973 /* SearchConfigurator.swift */; };
		AD79551126AC124F004E6973 /* SearchPresenter.swift in Sources */ = {isa = PBXBuildFile; fileRef = AD79551026AC124F004E6973 /* SearchPresenter.swift */; };
		AD79551326AC12F9004E6973 /* SearchInteractor.swift in Sources */ = {isa = PBXBuildFile; fileRef = AD79551226AC12F9004E6973 /* SearchInteractor.swift */; };
		ADA7500D26AD2E9500783E71 /* RepositoryService.swift in Sources */ = {isa = PBXBuildFile; fileRef = ADA7500126AD2E9500783E71 /* RepositoryService.swift */; };
		ADA7500E26AD2E9500783E71 /* String+extensions.swift in Sources */ = {isa = PBXBuildFile; fileRef = ADA7500226AD2E9500783E71 /* String+extensions.swift */; };
		ADA7501026AD2E9500783E71 /* NetworkService.swift in Sources */ = {isa = PBXBuildFile; fileRef = ADA7500426AD2E9500783E71 /* NetworkService.swift */; };
		ADA7501126AD2E9500783E71 /* Endpoint.swift in Sources */ = {isa = PBXBuildFile; fileRef = ADA7500526AD2E9500783E71 /* Endpoint.swift */; };
		ADA7501326AD2E9500783E71 /* SearchService.swift in Sources */ = {isa = PBXBuildFile; fileRef = ADA7500726AD2E9500783E71 /* SearchService.swift */; };
		ADA7501526AD2E9500783E71 /* TokenService.swift in Sources */ = {isa = PBXBuildFile; fileRef = ADA7500926AD2E9500783E71 /* TokenService.swift */; };
		ADA7501626AD2E9500783E71 /* RepositoriesEndpoint.swift in Sources */ = {isa = PBXBuildFile; fileRef = ADA7500A26AD2E9500783E71 /* RepositoriesEndpoint.swift */; };
		ADA7501726AD2E9500783E71 /* IssuesService.swift in Sources */ = {isa = PBXBuildFile; fileRef = ADA7500B26AD2E9500783E71 /* IssuesService.swift */; };
		ADA7501A26AD922600783E71 /* UserService.swift in Sources */ = {isa = PBXBuildFile; fileRef = ADA7501926AD922600783E71 /* UserService.swift */; };
		ADA7501D26AD924500783E71 /* UserEndpoints.swift in Sources */ = {isa = PBXBuildFile; fileRef = ADA7501C26AD924500783E71 /* UserEndpoints.swift */; };
		ADA7501F26AD931E00783E71 /* Error+extensions.swift in Sources */ = {isa = PBXBuildFile; fileRef = ADA7501E26AD931E00783E71 /* Error+extensions.swift */; };
		ADA7502326ADA81E00783E71 /* StarredRepoTableViewCell.swift in Sources */ = {isa = PBXBuildFile; fileRef = ADA7502126ADA81E00783E71 /* StarredRepoTableViewCell.swift */; };
		ADA7502426ADA81E00783E71 /* StarredRepoTableViewCell.xib in Resources */ = {isa = PBXBuildFile; fileRef = ADA7502226ADA81E00783E71 /* StarredRepoTableViewCell.xib */; };
/* End PBXBuildFile section */

/* Begin PBXFileReference section */
		AD20E3D8269F454E003BB5F1 /* Constants.swift */ = {isa = PBXFileReference; lastKnownFileType = sourcecode.swift; path = Constants.swift; sourceTree = "<group>"; };
		AD20E3DA269F5139003BB5F1 /* TabBarController.swift */ = {isa = PBXFileReference; lastKnownFileType = sourcecode.swift; path = TabBarController.swift; sourceTree = "<group>"; };
		AD20E3DC269F5498003BB5F1 /* ProfileViewController.swift */ = {isa = PBXFileReference; lastKnownFileType = sourcecode.swift; path = ProfileViewController.swift; sourceTree = "<group>"; };
		AD20E3DF269F5E00003BB5F1 /* ProfileConfigurator.swift */ = {isa = PBXFileReference; lastKnownFileType = sourcecode.swift; path = ProfileConfigurator.swift; sourceTree = "<group>"; };
		AD20E3E1269F5E3B003BB5F1 /* ProfilePresenter.swift */ = {isa = PBXFileReference; lastKnownFileType = sourcecode.swift; path = ProfilePresenter.swift; sourceTree = "<group>"; };
		AD20E3E3269F5F86003BB5F1 /* UserProfile.swift */ = {isa = PBXFileReference; lastKnownFileType = sourcecode.swift; path = UserProfile.swift; sourceTree = "<group>"; };
		AD20E3F726A0B57F003BB5F1 /* RequestProtocol.swift */ = {isa = PBXFileReference; lastKnownFileType = sourcecode.swift; path = RequestProtocol.swift; sourceTree = "<group>"; };
		AD20E3F926A0B8DB003BB5F1 /* APIEnvironment.swift */ = {isa = PBXFileReference; lastKnownFileType = sourcecode.swift; path = APIEnvironment.swift; sourceTree = "<group>"; };
		AD20E3FB26A0BD1D003BB5F1 /* APINetworkSession.swift */ = {isa = PBXFileReference; lastKnownFileType = sourcecode.swift; path = APINetworkSession.swift; sourceTree = "<group>"; };
		AD20E3FD26A1514C003BB5F1 /* APIOperation.swift */ = {isa = PBXFileReference; lastKnownFileType = sourcecode.swift; path = APIOperation.swift; sourceTree = "<group>"; };
		AD20E3FF26A15A83003BB5F1 /* APIRequestDispatcher.swift */ = {isa = PBXFileReference; lastKnownFileType = sourcecode.swift; path = APIRequestDispatcher.swift; sourceTree = "<group>"; };
		AD20E40126A16EAB003BB5F1 /* GitHubEndpoint.swift */ = {isa = PBXFileReference; lastKnownFileType = sourcecode.swift; path = GitHubEndpoint.swift; sourceTree = "<group>"; };
		AD20E40726A58A07003BB5F1 /* TableCellManager.swift */ = {isa = PBXFileReference; lastKnownFileType = sourcecode.swift; path = TableCellManager.swift; sourceTree = "<group>"; };
		AD20E40B26A58DB3003BB5F1 /* BaseTableViewCell.swift */ = {isa = PBXFileReference; lastKnownFileType = sourcecode.swift; path = BaseTableViewCell.swift; sourceTree = "<group>"; };
		AD20E40D26A59514003BB5F1 /* UITableView+extensions.swift */ = {isa = PBXFileReference; lastKnownFileType = sourcecode.swift; path = "UITableView+extensions.swift"; sourceTree = "<group>"; };
		AD20E41126A5995C003BB5F1 /* ProfileMostPopularCell.swift */ = {isa = PBXFileReference; lastKnownFileType = sourcecode.swift; path = ProfileMostPopularCell.swift; sourceTree = "<group>"; };
		AD20E41826A5A019003BB5F1 /* ProfileHeaderTableViewCell.swift */ = {isa = PBXFileReference; lastKnownFileType = sourcecode.swift; path = ProfileHeaderTableViewCell.swift; sourceTree = "<group>"; };
		AD20E41926A5A019003BB5F1 /* ProfileHeaderTableViewCell.xib */ = {isa = PBXFileReference; lastKnownFileType = file.xib; path = ProfileHeaderTableViewCell.xib; sourceTree = "<group>"; };
		AD20E41C26A5ABCB003BB5F1 /* UIView+NibLoadable.swift */ = {isa = PBXFileReference; lastKnownFileType = sourcecode.swift; path = "UIView+NibLoadable.swift"; sourceTree = "<group>"; };
		AD20E42926A5CAF9003BB5F1 /* Repository.swift */ = {isa = PBXFileReference; lastKnownFileType = sourcecode.swift; path = Repository.swift; sourceTree = "<group>"; };
		AD20E42B26A5DDBF003BB5F1 /* ProfilePopularRepositoryCollectionViewCell.swift */ = {isa = PBXFileReference; lastKnownFileType = sourcecode.swift; path = ProfilePopularRepositoryCollectionViewCell.swift; sourceTree = "<group>"; };
		AD20E42C26A5DDBF003BB5F1 /* ProfilePopularRepositoryCollectionViewCell.xib */ = {isa = PBXFileReference; lastKnownFileType = file.xib; path = ProfilePopularRepositoryCollectionViewCell.xib; sourceTree = "<group>"; };
		AD20E43626A60C4C003BB5F1 /* MyRepositoriesViewController.swift */ = {isa = PBXFileReference; lastKnownFileType = sourcecode.swift; path = MyRepositoriesViewController.swift; sourceTree = "<group>"; };
		AD20E43826A60DBE003BB5F1 /* MyRepositoryTableViewCell.swift */ = {isa = PBXFileReference; lastKnownFileType = sourcecode.swift; path = MyRepositoryTableViewCell.swift; sourceTree = "<group>"; };
		AD20E43926A60DBE003BB5F1 /* MyRepositoryTableViewCell.xib */ = {isa = PBXFileReference; lastKnownFileType = file.xib; path = MyRepositoryTableViewCell.xib; sourceTree = "<group>"; };
		AD20E43C26A69F91003BB5F1 /* WebImageView.swift */ = {isa = PBXFileReference; lastKnownFileType = sourcecode.swift; path = WebImageView.swift; sourceTree = "<group>"; };
		AD20E43F26A6B5E2003BB5F1 /* RepositoryDetailsViewController.swift */ = {isa = PBXFileReference; lastKnownFileType = sourcecode.swift; path = RepositoryDetailsViewController.swift; sourceTree = "<group>"; };
		AD20E44226A6B749003BB5F1 /* RepositoryDetailsHeaderTableViewCell.swift */ = {isa = PBXFileReference; lastKnownFileType = sourcecode.swift; path = RepositoryDetailsHeaderTableViewCell.swift; sourceTree = "<group>"; };
		AD20E44326A6B749003BB5F1 /* RepositoryDetailsHeaderTableViewCell.xib */ = {isa = PBXFileReference; lastKnownFileType = file.xib; path = RepositoryDetailsHeaderTableViewCell.xib; sourceTree = "<group>"; };
		AD20E44626A6B845003BB5F1 /* ReadMeTableViewCell.swift */ = {isa = PBXFileReference; lastKnownFileType = sourcecode.swift; path = ReadMeTableViewCell.swift; sourceTree = "<group>"; };
		AD20E44826A6B99C003BB5F1 /* RepositoryDetailsPresenter.swift */ = {isa = PBXFileReference; lastKnownFileType = sourcecode.swift; path = RepositoryDetailsPresenter.swift; sourceTree = "<group>"; };
		AD20E44A26A6BBAE003BB5F1 /* TableViewCell.swift */ = {isa = PBXFileReference; lastKnownFileType = sourcecode.swift; path = TableViewCell.swift; sourceTree = "<group>"; };
		AD20E44D26A6F29D003BB5F1 /* CoreDataStack.swift */ = {isa = PBXFileReference; lastKnownFileType = sourcecode.swift; path = CoreDataStack.swift; sourceTree = "<group>"; };
		AD20E45026A6FC32003BB5F1 /* Model.xcdatamodel */ = {isa = PBXFileReference; lastKnownFileType = wrapper.xcdatamodel; path = Model.xcdatamodel; sourceTree = "<group>"; };
		AD20E45226A70FC6003BB5F1 /* LocalStorage.swift */ = {isa = PBXFileReference; lastKnownFileType = sourcecode.swift; path = LocalStorage.swift; sourceTree = "<group>"; };
		AD20E45426A719B8003BB5F1 /* CoreDataManager.swift */ = {isa = PBXFileReference; lastKnownFileType = sourcecode.swift; path = CoreDataManager.swift; sourceTree = "<group>"; };
		AD20E45626A723B0003BB5F1 /* AsyncOperation.swift */ = {isa = PBXFileReference; lastKnownFileType = sourcecode.swift; path = AsyncOperation.swift; sourceTree = "<group>"; };
		AD20E45A26A74279003BB5F1 /* ProfileInteractor.swift */ = {isa = PBXFileReference; lastKnownFileType = sourcecode.swift; path = ProfileInteractor.swift; sourceTree = "<group>"; };
		AD20E46026A8299B003BB5F1 /* ServicesManager.swift */ = {isa = PBXFileReference; lastKnownFileType = sourcecode.swift; path = ServicesManager.swift; sourceTree = "<group>"; };
		AD20E46326A84B4E003BB5F1 /* UserProfileAdapter.swift */ = {isa = PBXFileReference; lastKnownFileType = sourcecode.swift; path = UserProfileAdapter.swift; sourceTree = "<group>"; };
		AD20E46526A8501F003BB5F1 /* RepositoryAdapter.swift */ = {isa = PBXFileReference; lastKnownFileType = sourcecode.swift; path = RepositoryAdapter.swift; sourceTree = "<group>"; };
		AD20E46726A86D9C003BB5F1 /* LicenseAdapter.swift */ = {isa = PBXFileReference; lastKnownFileType = sourcecode.swift; path = LicenseAdapter.swift; sourceTree = "<group>"; };
		AD20E47026A897CC003BB5F1 /* SettingsGeneralViewController.swift */ = {isa = PBXFileReference; lastKnownFileType = sourcecode.swift; path = SettingsGeneralViewController.swift; sourceTree = "<group>"; };
		AD20E47226A89934003BB5F1 /* SettingsViewModel.swift */ = {isa = PBXFileReference; lastKnownFileType = sourcecode.swift; path = SettingsViewModel.swift; sourceTree = "<group>"; };
		AD20E47426A8A522003BB5F1 /* SettingsAppIconViewController.swift */ = {isa = PBXFileReference; lastKnownFileType = sourcecode.swift; path = SettingsAppIconViewController.swift; sourceTree = "<group>"; };
		AD20E4C026A8B312003BB5F1 /* AppIconPinkLight@3x-3.png */ = {isa = PBXFileReference; lastKnownFileType = image.png; path = "AppIconPinkLight@3x-3.png"; sourceTree = "<group>"; };
		AD20E4C126A8B312003BB5F1 /* AppIconPinkLight@2x-7.png */ = {isa = PBXFileReference; lastKnownFileType = image.png; path = "AppIconPinkLight@2x-7.png"; sourceTree = "<group>"; };
		AD20E4C226A8B312003BB5F1 /* AppIconPinkLight@2x.png */ = {isa = PBXFileReference; lastKnownFileType = image.png; path = "AppIconPinkLight@2x.png"; sourceTree = "<group>"; };
		AD20E4C326A8B312003BB5F1 /* AppIconPinkLight@2x-6.png */ = {isa = PBXFileReference; lastKnownFileType = image.png; path = "AppIconPinkLight@2x-6.png"; sourceTree = "<group>"; };
		AD20E4C426A8B312003BB5F1 /* AppIconPinkLight@2x-1.png */ = {isa = PBXFileReference; lastKnownFileType = image.png; path = "AppIconPinkLight@2x-1.png"; sourceTree = "<group>"; };
		AD20E4C526A8B312003BB5F1 /* AppIconPinkLight@2x-3.png */ = {isa = PBXFileReference; lastKnownFileType = image.png; path = "AppIconPinkLight@2x-3.png"; sourceTree = "<group>"; };
		AD20E4C626A8B312003BB5F1 /* AppIconPinkLight@3x-1.png */ = {isa = PBXFileReference; lastKnownFileType = image.png; path = "AppIconPinkLight@3x-1.png"; sourceTree = "<group>"; };
		AD20E4C726A8B312003BB5F1 /* AppIconPinkLight-1.png */ = {isa = PBXFileReference; lastKnownFileType = image.png; path = "AppIconPinkLight-1.png"; sourceTree = "<group>"; };
		AD20E4C826A8B312003BB5F1 /* AppIconPinkLight-2.png */ = {isa = PBXFileReference; lastKnownFileType = image.png; path = "AppIconPinkLight-2.png"; sourceTree = "<group>"; };
		AD20E4C926A8B312003BB5F1 /* AppIconPinkLight@2x-2.png */ = {isa = PBXFileReference; lastKnownFileType = image.png; path = "AppIconPinkLight@2x-2.png"; sourceTree = "<group>"; };
		AD20E4CA26A8B312003BB5F1 /* AppIconPinkLight@3x-2.png */ = {isa = PBXFileReference; lastKnownFileType = image.png; path = "AppIconPinkLight@3x-2.png"; sourceTree = "<group>"; };
		AD20E4CB26A8B313003BB5F1 /* AppIconPinkLight@2x-5.png */ = {isa = PBXFileReference; lastKnownFileType = image.png; path = "AppIconPinkLight@2x-5.png"; sourceTree = "<group>"; };
		AD20E4CC26A8B313003BB5F1 /* AppIconPinkLight-4.png */ = {isa = PBXFileReference; lastKnownFileType = image.png; path = "AppIconPinkLight-4.png"; sourceTree = "<group>"; };
		AD20E4CD26A8B313003BB5F1 /* AppIconPinkLight@2x-4.png */ = {isa = PBXFileReference; lastKnownFileType = image.png; path = "AppIconPinkLight@2x-4.png"; sourceTree = "<group>"; };
		AD20E4CE26A8B313003BB5F1 /* AppIconPinkLight.png */ = {isa = PBXFileReference; lastKnownFileType = image.png; path = AppIconPinkLight.png; sourceTree = "<group>"; };
		AD20E4CF26A8B313003BB5F1 /* AppIconPinkLight-3.png */ = {isa = PBXFileReference; lastKnownFileType = image.png; path = "AppIconPinkLight-3.png"; sourceTree = "<group>"; };
		AD20E4D026A8B313003BB5F1 /* AppIconPinkLight@3x.png */ = {isa = PBXFileReference; lastKnownFileType = image.png; path = "AppIconPinkLight@3x.png"; sourceTree = "<group>"; };
		AD20E4D126A8B313003BB5F1 /* AppIconPinkLight@3x-4.png */ = {isa = PBXFileReference; lastKnownFileType = image.png; path = "AppIconPinkLight@3x-4.png"; sourceTree = "<group>"; };
		AD20E4E926A8B9A3003BB5F1 /* SettingAppearanceViewController.swift */ = {isa = PBXFileReference; lastKnownFileType = sourcecode.swift; path = SettingAppearanceViewController.swift; sourceTree = "<group>"; };
		AD20E4EC26A8C060003BB5F1 /* HomeViewController.swift */ = {isa = PBXFileReference; lastKnownFileType = sourcecode.swift; path = HomeViewController.swift; sourceTree = "<group>"; };
		AD20E4EF26A949B8003BB5F1 /* HomeConfigurator.swift */ = {isa = PBXFileReference; lastKnownFileType = sourcecode.swift; path = HomeConfigurator.swift; sourceTree = "<group>"; };
		AD20E4F126A94A2B003BB5F1 /* HomePresenter.swift */ = {isa = PBXFileReference; lastKnownFileType = sourcecode.swift; path = HomePresenter.swift; sourceTree = "<group>"; };
		AD20E4F326A94A70003BB5F1 /* HomeInteractor.swift */ = {isa = PBXFileReference; lastKnownFileType = sourcecode.swift; path = HomeInteractor.swift; sourceTree = "<group>"; };
		AD20E4F526A95DB9003BB5F1 /* FavoritesEmptyTableViewCell.swift */ = {isa = PBXFileReference; lastKnownFileType = sourcecode.swift; path = FavoritesEmptyTableViewCell.swift; sourceTree = "<group>"; };
		AD20E4F626A95DB9003BB5F1 /* FavoritesEmptyTableViewCell.xib */ = {isa = PBXFileReference; lastKnownFileType = file.xib; path = FavoritesEmptyTableViewCell.xib; sourceTree = "<group>"; };
		AD20E4FA26A95F84003BB5F1 /* RecentEventsTableViewCell.swift */ = {isa = PBXFileReference; lastKnownFileType = sourcecode.swift; path = RecentEventsTableViewCell.swift; sourceTree = "<group>"; };
		AD20E4FB26A95F84003BB5F1 /* RecentEventsTableViewCell.xib */ = {isa = PBXFileReference; lastKnownFileType = file.xib; path = RecentEventsTableViewCell.xib; sourceTree = "<group>"; };
		AD20E50126A96774003BB5F1 /* Issue.swift */ = {isa = PBXFileReference; lastKnownFileType = sourcecode.swift; path = Issue.swift; sourceTree = "<group>"; };
		AD20E50326A990A9003BB5F1 /* LabelModel.swift */ = {isa = PBXFileReference; lastKnownFileType = sourcecode.swift; path = LabelModel.swift; sourceTree = "<group>"; };
		AD20E50526A993A5003BB5F1 /* Milestone.swift */ = {isa = PBXFileReference; lastKnownFileType = sourcecode.swift; path = Milestone.swift; sourceTree = "<group>"; };
		AD20E50726A994A6003BB5F1 /* PullRequest.swift */ = {isa = PBXFileReference; lastKnownFileType = sourcecode.swift; path = PullRequest.swift; sourceTree = "<group>"; };
		AD20E50A26A99982003BB5F1 /* IssuesViewController.swift */ = {isa = PBXFileReference; lastKnownFileType = sourcecode.swift; path = IssuesViewController.swift; sourceTree = "<group>"; };
		AD20E50C26A99DFE003BB5F1 /* IssuesPresenter.swift */ = {isa = PBXFileReference; lastKnownFileType = sourcecode.swift; path = IssuesPresenter.swift; sourceTree = "<group>"; };
		AD20E50E26A9A81A003BB5F1 /* IssueTableViewCell.swift */ = {isa = PBXFileReference; lastKnownFileType = sourcecode.swift; path = IssueTableViewCell.swift; sourceTree = "<group>"; };
		AD20E50F26A9A81A003BB5F1 /* IssueTableViewCell.xib */ = {isa = PBXFileReference; lastKnownFileType = file.xib; path = IssueTableViewCell.xib; sourceTree = "<group>"; };
		AD20E51526A9B02B003BB5F1 /* IssueDetailsViewController.swift */ = {isa = PBXFileReference; lastKnownFileType = sourcecode.swift; path = IssueDetailsViewController.swift; sourceTree = "<group>"; };
		AD20E51726A9B2FD003BB5F1 /* IssueDetailsPresenter.swift */ = {isa = PBXFileReference; lastKnownFileType = sourcecode.swift; path = IssueDetailsPresenter.swift; sourceTree = "<group>"; };
		AD20E51926A9B5FE003BB5F1 /* IssueDetailsHeaderTableViewCell.swift */ = {isa = PBXFileReference; lastKnownFileType = sourcecode.swift; path = IssueDetailsHeaderTableViewCell.swift; sourceTree = "<group>"; };
		AD20E51A26A9B5FE003BB5F1 /* IssueDetailsHeaderTableViewCell.xib */ = {isa = PBXFileReference; lastKnownFileType = file.xib; path = IssueDetailsHeaderTableViewCell.xib; sourceTree = "<group>"; };
		AD20E51E26A9B67A003BB5F1 /* IssueDetailsCommentTableViewCell.swift */ = {isa = PBXFileReference; lastKnownFileType = sourcecode.swift; path = IssueDetailsCommentTableViewCell.swift; sourceTree = "<group>"; };
		AD20E51F26A9B67A003BB5F1 /* IssueDetailsCommentTableViewCell.xib */ = {isa = PBXFileReference; lastKnownFileType = file.xib; path = IssueDetailsCommentTableViewCell.xib; sourceTree = "<group>"; };
		AD20E52326A9C164003BB5F1 /* IssueDetailsConfigurator.swift */ = {isa = PBXFileReference; lastKnownFileType = sourcecode.swift; path = IssueDetailsConfigurator.swift; sourceTree = "<group>"; };
		AD20E52726AA0038003BB5F1 /* IssuesListConfigurator.swift */ = {isa = PBXFileReference; lastKnownFileType = sourcecode.swift; path = IssuesListConfigurator.swift; sourceTree = "<group>"; };
		AD20E52926AA8CFC003BB5F1 /* SearchBarWithFiltersView.swift */ = {isa = PBXFileReference; lastKnownFileType = sourcecode.swift; path = SearchBarWithFiltersView.swift; sourceTree = "<group>"; };
		AD20E52D26AA9429003BB5F1 /* DetailTableViewCell.swift */ = {isa = PBXFileReference; lastKnownFileType = sourcecode.swift; path = DetailTableViewCell.swift; sourceTree = "<group>"; };
		AD20E52E26AA9429003BB5F1 /* DetailTableViewCell.xib */ = {isa = PBXFileReference; lastKnownFileType = file.xib; path = DetailTableViewCell.xib; sourceTree = "<group>"; };
		AD20E53226AA9908003BB5F1 /* RepositoriesListViewController.swift */ = {isa = PBXFileReference; lastKnownFileType = sourcecode.swift; path = RepositoriesListViewController.swift; sourceTree = "<group>"; };
		AD20E53426AA9918003BB5F1 /* RepositoriesListPresenter.swift */ = {isa = PBXFileReference; lastKnownFileType = sourcecode.swift; path = RepositoriesListPresenter.swift; sourceTree = "<group>"; };
		AD20E53626AA9926003BB5F1 /* RepositoriesListConfigurator.swift */ = {isa = PBXFileReference; lastKnownFileType = sourcecode.swift; path = RepositoriesListConfigurator.swift; sourceTree = "<group>"; };
		AD20E53826AA9CC1003BB5F1 /* RepositoryDetailsConfigurator.swift */ = {isa = PBXFileReference; lastKnownFileType = sourcecode.swift; path = RepositoryDetailsConfigurator.swift; sourceTree = "<group>"; };
		AD20E53C26AAA5F1003BB5F1 /* ExploreViewController.swift */ = {isa = PBXFileReference; lastKnownFileType = sourcecode.swift; path = ExploreViewController.swift; sourceTree = "<group>"; };
		AD20E53E26AAA634003BB5F1 /* ExploreConfigurator.swift */ = {isa = PBXFileReference; lastKnownFileType = sourcecode.swift; path = ExploreConfigurator.swift; sourceTree = "<group>"; };
		AD20E54126AAA698003BB5F1 /* NotificationsViewController.swift */ = {isa = PBXFileReference; lastKnownFileType = sourcecode.swift; path = NotificationsViewController.swift; sourceTree = "<group>"; };
		AD20E54326AAA6F1003BB5F1 /* NotificationsConfigurator.swift */ = {isa = PBXFileReference; lastKnownFileType = sourcecode.swift; path = NotificationsConfigurator.swift; sourceTree = "<group>"; };
		AD20E54526AAAB96003BB5F1 /* ExplorePresenter.swift */ = {isa = PBXFileReference; lastKnownFileType = sourcecode.swift; path = ExplorePresenter.swift; sourceTree = "<group>"; };
		AD20E54826AAB78D003BB5F1 /* FeaturedCollectionViewCell.swift */ = {isa = PBXFileReference; lastKnownFileType = sourcecode.swift; path = FeaturedCollectionViewCell.swift; sourceTree = "<group>"; };
		AD20E54926AAB78D003BB5F1 /* FeaturedCollectionViewCell.xib */ = {isa = PBXFileReference; lastKnownFileType = file.xib; path = FeaturedCollectionViewCell.xib; sourceTree = "<group>"; };
		AD20E54C26AAB848003BB5F1 /* CollectionCellManager.swift */ = {isa = PBXFileReference; lastKnownFileType = sourcecode.swift; path = CollectionCellManager.swift; sourceTree = "<group>"; };
		AD20E54E26AAC4B3003BB5F1 /* MediumCollectionViewCell.swift */ = {isa = PBXFileReference; lastKnownFileType = sourcecode.swift; path = MediumCollectionViewCell.swift; sourceTree = "<group>"; };
		AD20E54F26AAC4B3003BB5F1 /* MediumCollectionViewCell.xib */ = {isa = PBXFileReference; lastKnownFileType = file.xib; path = MediumCollectionViewCell.xib; sourceTree = "<group>"; };
		AD20E55226AACAE3003BB5F1 /* SmallCollectionViewCell.swift */ = {isa = PBXFileReference; lastKnownFileType = sourcecode.swift; path = SmallCollectionViewCell.swift; sourceTree = "<group>"; };
		AD20E55326AACAE3003BB5F1 /* SmallCollectionViewCell.xib */ = {isa = PBXFileReference; lastKnownFileType = file.xib; path = SmallCollectionViewCell.xib; sourceTree = "<group>"; };
		AD20E55626AAD0B3003BB5F1 /* SmallCategoryCollectionViewCell.swift */ = {isa = PBXFileReference; lastKnownFileType = sourcecode.swift; path = SmallCategoryCollectionViewCell.swift; sourceTree = "<group>"; };
		AD20E55726AAD0B3003BB5F1 /* SmallCategoryCollectionViewCell.xib */ = {isa = PBXFileReference; lastKnownFileType = file.xib; path = SmallCategoryCollectionViewCell.xib; sourceTree = "<group>"; };
		AD20E56026AAFB35003BB5F1 /* TokenResponse.swift */ = {isa = PBXFileReference; lastKnownFileType = sourcecode.swift; path = TokenResponse.swift; sourceTree = "<group>"; };
		AD20E56226AB0147003BB5F1 /* ApplicationPresenter.swift */ = {isa = PBXFileReference; lastKnownFileType = sourcecode.swift; path = ApplicationPresenter.swift; sourceTree = "<group>"; };
		AD20E56426AB1324003BB5F1 /* AccountSettingsViewController.swift */ = {isa = PBXFileReference; lastKnownFileType = sourcecode.swift; path = AccountSettingsViewController.swift; sourceTree = "<group>"; };
		AD20E56726AB24FA003BB5F1 /* AuthorizationViewController.swift */ = {isa = PBXFileReference; lastKnownFileType = sourcecode.swift; path = AuthorizationViewController.swift; sourceTree = "<group>"; };
		AD20E56926AB2F76003BB5F1 /* ErrorResponse.swift */ = {isa = PBXFileReference; lastKnownFileType = sourcecode.swift; path = ErrorResponse.swift; sourceTree = "<group>"; };
		AD20E56B26AB4090003BB5F1 /* SearchResultViewController.swift */ = {isa = PBXFileReference; lastKnownFileType = sourcecode.swift; path = SearchResultViewController.swift; sourceTree = "<group>"; };
		AD20E56D26AB4F39003BB5F1 /* SearchTypeTableViewCell.swift */ = {isa = PBXFileReference; lastKnownFileType = sourcecode.swift; path = SearchTypeTableViewCell.swift; sourceTree = "<group>"; };
		AD20E56E26AB4F39003BB5F1 /* SearchTypeTableViewCell.xib */ = {isa = PBXFileReference; lastKnownFileType = file.xib; path = SearchTypeTableViewCell.xib; sourceTree = "<group>"; };
		AD20E57226AB5132003BB5F1 /* UIImage+extensions.swift */ = {isa = PBXFileReference; lastKnownFileType = sourcecode.swift; path = "UIImage+extensions.swift"; sourceTree = "<group>"; };
		AD20E57726ABDA7C003BB5F1 /* Dictionary+extensions.swift */ = {isa = PBXFileReference; lastKnownFileType = sourcecode.swift; path = "Dictionary+extensions.swift"; sourceTree = "<group>"; };
		AD20E57926ABDAB1003BB5F1 /* CharacterSet+extensions.swift */ = {isa = PBXFileReference; lastKnownFileType = sourcecode.swift; path = "CharacterSet+extensions.swift"; sourceTree = "<group>"; };
		AD3776DD269F2697000AA54C /* GitHub Client.app */ = {isa = PBXFileReference; explicitFileType = wrapper.application; includeInIndex = 0; path = "GitHub Client.app"; sourceTree = BUILT_PRODUCTS_DIR; };
		AD3776E0269F2697000AA54C /* AppDelegate.swift */ = {isa = PBXFileReference; lastKnownFileType = sourcecode.swift; path = AppDelegate.swift; sourceTree = "<group>"; };
		AD3776E2269F2697000AA54C /* SceneDelegate.swift */ = {isa = PBXFileReference; lastKnownFileType = sourcecode.swift; path = SceneDelegate.swift; sourceTree = "<group>"; };
		AD3776E4269F2697000AA54C /* SearchViewController.swift */ = {isa = PBXFileReference; lastKnownFileType = sourcecode.swift; path = SearchViewController.swift; sourceTree = "<group>"; };
		AD3776E9269F2698000AA54C /* Assets.xcassets */ = {isa = PBXFileReference; lastKnownFileType = folder.assetcatalog; path = Assets.xcassets; sourceTree = "<group>"; };
		AD3776EC269F2698000AA54C /* Base */ = {isa = PBXFileReference; lastKnownFileType = file.storyboard; name = Base; path = Base.lproj/LaunchScreen.storyboard; sourceTree = "<group>"; };
		AD3776EE269F2698000AA54C /* Info.plist */ = {isa = PBXFileReference; lastKnownFileType = text.plist.xml; path = Info.plist; sourceTree = "<group>"; };
		AD3776F4269F26B1000AA54C /* LoginViewController.swift */ = {isa = PBXFileReference; lastKnownFileType = sourcecode.swift; path = LoginViewController.swift; sourceTree = "<group>"; };
		AD3776F6269F270A000AA54C /* UserStorage.swift */ = {isa = PBXFileReference; lastKnownFileType = sourcecode.swift; path = UserStorage.swift; sourceTree = "<group>"; };
		AD79550126ABEFC5004E6973 /* UIView+IBInspectable.swift */ = {isa = PBXFileReference; lastKnownFileType = sourcecode.swift; path = "UIView+IBInspectable.swift"; sourceTree = "<group>"; };
		AD79550326ABF481004E6973 /* Button.swift */ = {isa = PBXFileReference; lastKnownFileType = sourcecode.swift; path = Button.swift; sourceTree = "<group>"; };
		AD79550526ABFD8E004E6973 /* LanguageColors.json */ = {isa = PBXFileReference; lastKnownFileType = text.json; path = LanguageColors.json; sourceTree = "<group>"; };
		AD79550726ABFFF7004E6973 /* UIColor+hex.swift */ = {isa = PBXFileReference; lastKnownFileType = sourcecode.swift; path = "UIColor+hex.swift"; sourceTree = "<group>"; };
		AD79550926AC067B004E6973 /* SettingsStorage.swift */ = {isa = PBXFileReference; lastKnownFileType = sourcecode.swift; path = SettingsStorage.swift; sourceTree = "<group>"; };
		AD79550B26AC0C14004E6973 /* NotificationsEmptyView.swift */ = {isa = PBXFileReference; lastKnownFileType = sourcecode.swift; path = NotificationsEmptyView.swift; sourceTree = "<group>"; };
		AD79550E26AC11D4004E6973 /* SearchConfigurator.swift */ = {isa = PBXFileReference; lastKnownFileType = sourcecode.swift; path = SearchConfigurator.swift; sourceTree = "<group>"; };
		AD79551026AC124F004E6973 /* SearchPresenter.swift */ = {isa = PBXFileReference; lastKnownFileType = sourcecode.swift; path = SearchPresenter.swift; sourceTree = "<group>"; };
		AD79551226AC12F9004E6973 /* SearchInteractor.swift */ = {isa = PBXFileReference; lastKnownFileType = sourcecode.swift; path = SearchInteractor.swift; sourceTree = "<group>"; };
		ADA7500126AD2E9500783E71 /* RepositoryService.swift */ = {isa = PBXFileReference; fileEncoding = 4; lastKnownFileType = sourcecode.swift; path = RepositoryService.swift; sourceTree = "<group>"; };
		ADA7500226AD2E9500783E71 /* String+extensions.swift */ = {isa = PBXFileReference; fileEncoding = 4; lastKnownFileType = sourcecode.swift; path = "String+extensions.swift"; sourceTree = "<group>"; };
		ADA7500426AD2E9500783E71 /* NetworkService.swift */ = {isa = PBXFileReference; fileEncoding = 4; lastKnownFileType = sourcecode.swift; path = NetworkService.swift; sourceTree = "<group>"; };
		ADA7500526AD2E9500783E71 /* Endpoint.swift */ = {isa = PBXFileReference; fileEncoding = 4; lastKnownFileType = sourcecode.swift; path = Endpoint.swift; sourceTree = "<group>"; };
		ADA7500726AD2E9500783E71 /* SearchService.swift */ = {isa = PBXFileReference; fileEncoding = 4; lastKnownFileType = sourcecode.swift; path = SearchService.swift; sourceTree = "<group>"; };
		ADA7500926AD2E9500783E71 /* TokenService.swift */ = {isa = PBXFileReference; fileEncoding = 4; lastKnownFileType = sourcecode.swift; path = TokenService.swift; sourceTree = "<group>"; };
		ADA7500A26AD2E9500783E71 /* RepositoriesEndpoint.swift */ = {isa = PBXFileReference; fileEncoding = 4; lastKnownFileType = sourcecode.swift; path = RepositoriesEndpoint.swift; sourceTree = "<group>"; };
		ADA7500B26AD2E9500783E71 /* IssuesService.swift */ = {isa = PBXFileReference; fileEncoding = 4; lastKnownFileType = sourcecode.swift; path = IssuesService.swift; sourceTree = "<group>"; };
		ADA7501926AD922600783E71 /* UserService.swift */ = {isa = PBXFileReference; lastKnownFileType = sourcecode.swift; path = UserService.swift; sourceTree = "<group>"; };
		ADA7501C26AD924500783E71 /* UserEndpoints.swift */ = {isa = PBXFileReference; lastKnownFileType = sourcecode.swift; path = UserEndpoints.swift; sourceTree = "<group>"; };
		ADA7501E26AD931E00783E71 /* Error+extensions.swift */ = {isa = PBXFileReference; lastKnownFileType = sourcecode.swift; path = "Error+extensions.swift"; sourceTree = "<group>"; };
		ADA7502126ADA81E00783E71 /* StarredRepoTableViewCell.swift */ = {isa = PBXFileReference; lastKnownFileType = sourcecode.swift; path = StarredRepoTableViewCell.swift; sourceTree = "<group>"; };
		ADA7502226ADA81E00783E71 /* StarredRepoTableViewCell.xib */ = {isa = PBXFileReference; lastKnownFileType = file.xib; path = StarredRepoTableViewCell.xib; sourceTree = "<group>"; };
/* End PBXFileReference section */

/* Begin PBXFrameworksBuildPhase section */
		AD3776DA269F2697000AA54C /* Frameworks */ = {
			isa = PBXFrameworksBuildPhase;
			buildActionMask = 2147483647;
			files = (
			);
			runOnlyForDeploymentPostprocessing = 0;
		};
/* End PBXFrameworksBuildPhase section */

/* Begin PBXGroup section */
		AD20E3DE269F5DE4003BB5F1 /* Profile */ = {
			isa = PBXGroup;
			children = (
				AD20E3DF269F5E00003BB5F1 /* ProfileConfigurator.swift */,
				AD20E45A26A74279003BB5F1 /* ProfileInteractor.swift */,
				AD20E3E1269F5E3B003BB5F1 /* ProfilePresenter.swift */,
				AD20E3DC269F5498003BB5F1 /* ProfileViewController.swift */,
			);
			path = Profile;
			sourceTree = "<group>";
		};
		AD20E3E5269F638E003BB5F1 /* Models */ = {
			isa = PBXGroup;
			children = (
				AD20E56926AB2F76003BB5F1 /* ErrorResponse.swift */,
				AD20E3E3269F5F86003BB5F1 /* UserProfile.swift */,
				AD20E42926A5CAF9003BB5F1 /* Repository.swift */,
				AD20E50126A96774003BB5F1 /* Issue.swift */,
				AD20E50326A990A9003BB5F1 /* LabelModel.swift */,
				AD20E50526A993A5003BB5F1 /* Milestone.swift */,
				AD20E50726A994A6003BB5F1 /* PullRequest.swift */,
				AD20E56026AAFB35003BB5F1 /* TokenResponse.swift */,
			);
			path = Models;
			sourceTree = "<group>";
		};
		AD20E3F626A0B539003BB5F1 /* NetworkOld */ = {
			isa = PBXGroup;
			children = (
				AD20E3F726A0B57F003BB5F1 /* RequestProtocol.swift */,
				AD20E3F926A0B8DB003BB5F1 /* APIEnvironment.swift */,
				AD20E3FB26A0BD1D003BB5F1 /* APINetworkSession.swift */,
				AD20E3FD26A1514C003BB5F1 /* APIOperation.swift */,
				AD20E3FF26A15A83003BB5F1 /* APIRequestDispatcher.swift */,
				AD20E40126A16EAB003BB5F1 /* GitHubEndpoint.swift */,
			);
			path = NetworkOld;
			sourceTree = "<group>";
		};
		AD20E40A26A58D8C003BB5F1 /* Common */ = {
			isa = PBXGroup;
			children = (
				AD20E42F26A5DFD7003BB5F1 /* TableCellManager */,
				AD20E40D26A59514003BB5F1 /* UITableView+extensions.swift */,
				AD20E41C26A5ABCB003BB5F1 /* UIView+NibLoadable.swift */,
				AD20E43C26A69F91003BB5F1 /* WebImageView.swift */,
				AD20E44A26A6BBAE003BB5F1 /* TableViewCell.swift */,
				AD20E54C26AAB848003BB5F1 /* CollectionCellManager.swift */,
				AD20E57626ABDA41003BB5F1 /* Extensions */,
				AD79550326ABF481004E6973 /* Button.swift */,
			);
			path = Common;
			sourceTree = "<group>";
		};
		AD20E41526A599C2003BB5F1 /* ProfileHeaderCell */ = {
			isa = PBXGroup;
			children = (
				AD20E41826A5A019003BB5F1 /* ProfileHeaderTableViewCell.swift */,
				AD20E41926A5A019003BB5F1 /* ProfileHeaderTableViewCell.xib */,
			);
			path = ProfileHeaderCell;
			sourceTree = "<group>";
		};
		AD20E42626A5C44E003BB5F1 /* ProfileMostPopularCell */ = {
			isa = PBXGroup;
			children = (
				AD20E41126A5995C003BB5F1 /* ProfileMostPopularCell.swift */,
				AD20E42B26A5DDBF003BB5F1 /* ProfilePopularRepositoryCollectionViewCell.swift */,
				AD20E42C26A5DDBF003BB5F1 /* ProfilePopularRepositoryCollectionViewCell.xib */,
			);
			path = ProfileMostPopularCell;
			sourceTree = "<group>";
		};
		AD20E42F26A5DFD7003BB5F1 /* TableCellManager */ = {
			isa = PBXGroup;
			children = (
				AD20E40726A58A07003BB5F1 /* TableCellManager.swift */,
				AD20E40B26A58DB3003BB5F1 /* BaseTableViewCell.swift */,
			);
			path = TableCellManager;
			sourceTree = "<group>";
		};
		AD20E43526A60C19003BB5F1 /* MyRepositories */ = {
			isa = PBXGroup;
			children = (
				AD20E43626A60C4C003BB5F1 /* MyRepositoriesViewController.swift */,
				AD20E43826A60DBE003BB5F1 /* MyRepositoryTableViewCell.swift */,
				AD20E43926A60DBE003BB5F1 /* MyRepositoryTableViewCell.xib */,
			);
			path = MyRepositories;
			sourceTree = "<group>";
		};
		AD20E43E26A6B5C5003BB5F1 /* RepositoryDetails */ = {
			isa = PBXGroup;
			children = (
				AD20E44126A6B72B003BB5F1 /* Cells */,
				AD20E43F26A6B5E2003BB5F1 /* RepositoryDetailsViewController.swift */,
				AD20E44826A6B99C003BB5F1 /* RepositoryDetailsPresenter.swift */,
				AD20E53826AA9CC1003BB5F1 /* RepositoryDetailsConfigurator.swift */,
			);
			path = RepositoryDetails;
			sourceTree = "<group>";
		};
		AD20E44126A6B72B003BB5F1 /* Cells */ = {
			isa = PBXGroup;
			children = (
				AD20E44226A6B749003BB5F1 /* RepositoryDetailsHeaderTableViewCell.swift */,
				AD20E44326A6B749003BB5F1 /* RepositoryDetailsHeaderTableViewCell.xib */,
				AD20E44626A6B845003BB5F1 /* ReadMeTableViewCell.swift */,
			);
			path = Cells;
			sourceTree = "<group>";
		};
		AD20E44C26A6F289003BB5F1 /* Storage */ = {
			isa = PBXGroup;
			children = (
				AD20E44F26A6FC32003BB5F1 /* Model.xcdatamodeld */,
				AD20E44D26A6F29D003BB5F1 /* CoreDataStack.swift */,
				AD20E45226A70FC6003BB5F1 /* LocalStorage.swift */,
				AD20E45426A719B8003BB5F1 /* CoreDataManager.swift */,
				AD20E45626A723B0003BB5F1 /* AsyncOperation.swift */,
			);
			path = Storage;
			sourceTree = "<group>";
		};
		AD20E46226A84B37003BB5F1 /* Adapters */ = {
			isa = PBXGroup;
			children = (
				AD20E46326A84B4E003BB5F1 /* UserProfileAdapter.swift */,
				AD20E46526A8501F003BB5F1 /* RepositoryAdapter.swift */,
				AD20E46726A86D9C003BB5F1 /* LicenseAdapter.swift */,
			);
			path = Adapters;
			sourceTree = "<group>";
		};
		AD20E46E26A87936003BB5F1 /* Modules */ = {
			isa = PBXGroup;
			children = (
				AD79550D26AC1188004E6973 /* Search */,
				AD20E56626AB24BA003BB5F1 /* Authorization */,
				AD20E54026AAA681003BB5F1 /* Notifications */,
				AD20E53B26AAA5D9003BB5F1 /* Explore */,
				AD20E53126AA98EE003BB5F1 /* RepositoriesList */,
				AD20E51426A9AFE1003BB5F1 /* IssueDetails */,
				AD20E50926A9996A003BB5F1 /* IssuesList */,
				AD20E4EB26A8C045003BB5F1 /* Home */,
				AD20E46F26A8979F003BB5F1 /* Settings */,
				AD20E43526A60C19003BB5F1 /* MyRepositories */,
				AD20E3DE269F5DE4003BB5F1 /* Profile */,
				AD20E43E26A6B5C5003BB5F1 /* RepositoryDetails */,
			);
			path = Modules;
			sourceTree = "<group>";
		};
		AD20E46F26A8979F003BB5F1 /* Settings */ = {
			isa = PBXGroup;
			children = (
				AD20E47226A89934003BB5F1 /* SettingsViewModel.swift */,
				AD20E47026A897CC003BB5F1 /* SettingsGeneralViewController.swift */,
				AD20E47426A8A522003BB5F1 /* SettingsAppIconViewController.swift */,
				AD20E4E926A8B9A3003BB5F1 /* SettingAppearanceViewController.swift */,
				AD20E56426AB1324003BB5F1 /* AccountSettingsViewController.swift */,
			);
			path = Settings;
			sourceTree = "<group>";
		};
		AD20E47626A8B1D9003BB5F1 /* Resources */ = {
			isa = PBXGroup;
			children = (
				AD20E4E426A8B33C003BB5F1 /* AppAlternativeIcons */,
				AD3776E9269F2698000AA54C /* Assets.xcassets */,
				AD79550526ABFD8E004E6973 /* LanguageColors.json */,
			);
			path = Resources;
			sourceTree = "<group>";
		};
		AD20E47726A8B259003BB5F1 /* AppIconPinkLight */ = {
			isa = PBXGroup;
			children = (
				AD20E4C726A8B312003BB5F1 /* AppIconPinkLight-1.png */,
				AD20E4C826A8B312003BB5F1 /* AppIconPinkLight-2.png */,
				AD20E4CF26A8B313003BB5F1 /* AppIconPinkLight-3.png */,
				AD20E4CC26A8B313003BB5F1 /* AppIconPinkLight-4.png */,
				AD20E4CE26A8B313003BB5F1 /* AppIconPinkLight.png */,
				AD20E4C426A8B312003BB5F1 /* AppIconPinkLight@2x-1.png */,
				AD20E4C926A8B312003BB5F1 /* AppIconPinkLight@2x-2.png */,
				AD20E4C526A8B312003BB5F1 /* AppIconPinkLight@2x-3.png */,
				AD20E4CD26A8B313003BB5F1 /* AppIconPinkLight@2x-4.png */,
				AD20E4CB26A8B313003BB5F1 /* AppIconPinkLight@2x-5.png */,
				AD20E4C326A8B312003BB5F1 /* AppIconPinkLight@2x-6.png */,
				AD20E4C126A8B312003BB5F1 /* AppIconPinkLight@2x-7.png */,
				AD20E4C226A8B312003BB5F1 /* AppIconPinkLight@2x.png */,
				AD20E4C626A8B312003BB5F1 /* AppIconPinkLight@3x-1.png */,
				AD20E4CA26A8B312003BB5F1 /* AppIconPinkLight@3x-2.png */,
				AD20E4C026A8B312003BB5F1 /* AppIconPinkLight@3x-3.png */,
				AD20E4D126A8B313003BB5F1 /* AppIconPinkLight@3x-4.png */,
				AD20E4D026A8B313003BB5F1 /* AppIconPinkLight@3x.png */,
			);
			path = AppIconPinkLight;
			sourceTree = "<group>";
		};
		AD20E4E426A8B33C003BB5F1 /* AppAlternativeIcons */ = {
			isa = PBXGroup;
			children = (
				AD20E47726A8B259003BB5F1 /* AppIconPinkLight */,
			);
			path = AppAlternativeIcons;
			sourceTree = "<group>";
		};
		AD20E4EB26A8C045003BB5F1 /* Home */ = {
			isa = PBXGroup;
			children = (
				AD20E4EF26A949B8003BB5F1 /* HomeConfigurator.swift */,
				AD20E4F326A94A70003BB5F1 /* HomeInteractor.swift */,
				AD20E4F126A94A2B003BB5F1 /* HomePresenter.swift */,
				AD20E4EC26A8C060003BB5F1 /* HomeViewController.swift */,
			);
			path = Home;
			sourceTree = "<group>";
		};
		AD20E4EE26A9489C003BB5F1 /* Cells */ = {
			isa = PBXGroup;
			children = (
				ADA7502026ADA7E000783E71 /* StarredRepoCell */,
				AD20E54726AAB757003BB5F1 /* ExploreCells */,
				AD20E41526A599C2003BB5F1 /* ProfileHeaderCell */,
				AD20E42626A5C44E003BB5F1 /* ProfileMostPopularCell */,
				AD20E4F926A95DC1003BB5F1 /* FavoritesEmptyCell */,
				AD20E4FE26A95F8A003BB5F1 /* RecentEventsCell */,
				AD20E51226A9A81F003BB5F1 /* IssueCell */,
				AD20E51D26A9B64A003BB5F1 /* IssueDetailsHeaderCell */,
				AD20E52226A9B67F003BB5F1 /* IssueDetailsCommentCell */,
				AD20E53A26AAA3EC003BB5F1 /* DetailCell */,
				AD20E57126AB4F40003BB5F1 /* SearchTypeCell */,
			);
			path = Cells;
			sourceTree = "<group>";
		};
		AD20E4F926A95DC1003BB5F1 /* FavoritesEmptyCell */ = {
			isa = PBXGroup;
			children = (
				AD20E4F526A95DB9003BB5F1 /* FavoritesEmptyTableViewCell.swift */,
				AD20E4F626A95DB9003BB5F1 /* FavoritesEmptyTableViewCell.xib */,
			);
			path = FavoritesEmptyCell;
			sourceTree = "<group>";
		};
		AD20E4FE26A95F8A003BB5F1 /* RecentEventsCell */ = {
			isa = PBXGroup;
			children = (
				AD20E4FA26A95F84003BB5F1 /* RecentEventsTableViewCell.swift */,
				AD20E4FB26A95F84003BB5F1 /* RecentEventsTableViewCell.xib */,
			);
			path = RecentEventsCell;
			sourceTree = "<group>";
		};
		AD20E50926A9996A003BB5F1 /* IssuesList */ = {
			isa = PBXGroup;
			children = (
				AD20E52726AA0038003BB5F1 /* IssuesListConfigurator.swift */,
				AD20E50C26A99DFE003BB5F1 /* IssuesPresenter.swift */,
				AD20E50A26A99982003BB5F1 /* IssuesViewController.swift */,
			);
			path = IssuesList;
			sourceTree = "<group>";
		};
		AD20E51226A9A81F003BB5F1 /* IssueCell */ = {
			isa = PBXGroup;
			children = (
				AD20E50E26A9A81A003BB5F1 /* IssueTableViewCell.swift */,
				AD20E50F26A9A81A003BB5F1 /* IssueTableViewCell.xib */,
			);
			path = IssueCell;
			sourceTree = "<group>";
		};
		AD20E51426A9AFE1003BB5F1 /* IssueDetails */ = {
			isa = PBXGroup;
			children = (
				AD20E52326A9C164003BB5F1 /* IssueDetailsConfigurator.swift */,
				AD20E51726A9B2FD003BB5F1 /* IssueDetailsPresenter.swift */,
				AD20E51526A9B02B003BB5F1 /* IssueDetailsViewController.swift */,
			);
			path = IssueDetails;
			sourceTree = "<group>";
		};
		AD20E51D26A9B64A003BB5F1 /* IssueDetailsHeaderCell */ = {
			isa = PBXGroup;
			children = (
				AD20E51926A9B5FE003BB5F1 /* IssueDetailsHeaderTableViewCell.swift */,
				AD20E51A26A9B5FE003BB5F1 /* IssueDetailsHeaderTableViewCell.xib */,
			);
			path = IssueDetailsHeaderCell;
			sourceTree = "<group>";
		};
		AD20E52226A9B67F003BB5F1 /* IssueDetailsCommentCell */ = {
			isa = PBXGroup;
			children = (
				AD20E51E26A9B67A003BB5F1 /* IssueDetailsCommentTableViewCell.swift */,
				AD20E51F26A9B67A003BB5F1 /* IssueDetailsCommentTableViewCell.xib */,
			);
			path = IssueDetailsCommentCell;
			sourceTree = "<group>";
		};
		AD20E53126AA98EE003BB5F1 /* RepositoriesList */ = {
			isa = PBXGroup;
			children = (
				AD20E53626AA9926003BB5F1 /* RepositoriesListConfigurator.swift */,
				AD20E53426AA9918003BB5F1 /* RepositoriesListPresenter.swift */,
				AD20E53226AA9908003BB5F1 /* RepositoriesListViewController.swift */,
			);
			path = RepositoriesList;
			sourceTree = "<group>";
		};
		AD20E53A26AAA3EC003BB5F1 /* DetailCell */ = {
			isa = PBXGroup;
			children = (
				AD20E52D26AA9429003BB5F1 /* DetailTableViewCell.swift */,
				AD20E52E26AA9429003BB5F1 /* DetailTableViewCell.xib */,
			);
			path = DetailCell;
			sourceTree = "<group>";
		};
		AD20E53B26AAA5D9003BB5F1 /* Explore */ = {
			isa = PBXGroup;
			children = (
				AD20E53E26AAA634003BB5F1 /* ExploreConfigurator.swift */,
				AD20E54526AAAB96003BB5F1 /* ExplorePresenter.swift */,
				AD20E53C26AAA5F1003BB5F1 /* ExploreViewController.swift */,
			);
			path = Explore;
			sourceTree = "<group>";
		};
		AD20E54026AAA681003BB5F1 /* Notifications */ = {
			isa = PBXGroup;
			children = (
				AD20E54326AAA6F1003BB5F1 /* NotificationsConfigurator.swift */,
				AD20E54126AAA698003BB5F1 /* NotificationsViewController.swift */,
				AD79550B26AC0C14004E6973 /* NotificationsEmptyView.swift */,
			);
			path = Notifications;
			sourceTree = "<group>";
		};
		AD20E54726AAB757003BB5F1 /* ExploreCells */ = {
			isa = PBXGroup;
			children = (
				AD20E55D26AAD629003BB5F1 /* FeaturedCell */,
				AD20E55C26AAD61E003BB5F1 /* MediumCell */,
				AD20E55B26AAD612003BB5F1 /* SmallCell */,
				AD20E55A26AAD5FD003BB5F1 /* SmallCategoryCell */,
			);
			path = ExploreCells;
			sourceTree = "<group>";
		};
		AD20E55A26AAD5FD003BB5F1 /* SmallCategoryCell */ = {
			isa = PBXGroup;
			children = (
				AD20E55626AAD0B3003BB5F1 /* SmallCategoryCollectionViewCell.swift */,
				AD20E55726AAD0B3003BB5F1 /* SmallCategoryCollectionViewCell.xib */,
			);
			path = SmallCategoryCell;
			sourceTree = "<group>";
		};
		AD20E55B26AAD612003BB5F1 /* SmallCell */ = {
			isa = PBXGroup;
			children = (
				AD20E55226AACAE3003BB5F1 /* SmallCollectionViewCell.swift */,
				AD20E55326AACAE3003BB5F1 /* SmallCollectionViewCell.xib */,
			);
			path = SmallCell;
			sourceTree = "<group>";
		};
		AD20E55C26AAD61E003BB5F1 /* MediumCell */ = {
			isa = PBXGroup;
			children = (
				AD20E54E26AAC4B3003BB5F1 /* MediumCollectionViewCell.swift */,
				AD20E54F26AAC4B3003BB5F1 /* MediumCollectionViewCell.xib */,
			);
			path = MediumCell;
			sourceTree = "<group>";
		};
		AD20E55D26AAD629003BB5F1 /* FeaturedCell */ = {
			isa = PBXGroup;
			children = (
				AD20E54826AAB78D003BB5F1 /* FeaturedCollectionViewCell.swift */,
				AD20E54926AAB78D003BB5F1 /* FeaturedCollectionViewCell.xib */,
			);
			path = FeaturedCell;
			sourceTree = "<group>";
		};
		AD20E56626AB24BA003BB5F1 /* Authorization */ = {
			isa = PBXGroup;
			children = (
				AD3776F4269F26B1000AA54C /* LoginViewController.swift */,
				AD20E56726AB24FA003BB5F1 /* AuthorizationViewController.swift */,
			);
			path = Authorization;
			sourceTree = "<group>";
		};
		AD20E57126AB4F40003BB5F1 /* SearchTypeCell */ = {
			isa = PBXGroup;
			children = (
				AD20E56D26AB4F39003BB5F1 /* SearchTypeTableViewCell.swift */,
				AD20E56E26AB4F39003BB5F1 /* SearchTypeTableViewCell.xib */,
			);
			path = SearchTypeCell;
			sourceTree = "<group>";
		};
		AD20E57626ABDA41003BB5F1 /* Extensions */ = {
			isa = PBXGroup;
			children = (
				ADA7501E26AD931E00783E71 /* Error+extensions.swift */,
				ADA7500226AD2E9500783E71 /* String+extensions.swift */,
				AD79550126ABEFC5004E6973 /* UIView+IBInspectable.swift */,
				AD20E57226AB5132003BB5F1 /* UIImage+extensions.swift */,
				AD20E57726ABDA7C003BB5F1 /* Dictionary+extensions.swift */,
				AD20E57926ABDAB1003BB5F1 /* CharacterSet+extensions.swift */,
				AD79550726ABFFF7004E6973 /* UIColor+hex.swift */,
			);
			path = Extensions;
			sourceTree = "<group>";
		};
		AD3776D4269F2697000AA54C = {
			isa = PBXGroup;
			children = (
				AD3776DF269F2697000AA54C /* GitHub Client */,
				AD3776DE269F2697000AA54C /* Products */,
			);
			sourceTree = "<group>";
		};
		AD3776DE269F2697000AA54C /* Products */ = {
			isa = PBXGroup;
			children = (
				AD3776DD269F2697000AA54C /* GitHub Client.app */,
			);
			name = Products;
			sourceTree = "<group>";
		};
		AD3776DF269F2697000AA54C /* GitHub Client */ = {
			isa = PBXGroup;
			children = (
				AD3776E0269F2697000AA54C /* AppDelegate.swift */,
				AD3776E2269F2697000AA54C /* SceneDelegate.swift */,
				AD20E56226AB0147003BB5F1 /* ApplicationPresenter.swift */,
				AD20E3D8269F454E003BB5F1 /* Constants.swift */,
				AD3776E4269F2697000AA54C /* SearchViewController.swift */,
				AD20E46026A8299B003BB5F1 /* ServicesManager.swift */,
				AD20E3DA269F5139003BB5F1 /* TabBarController.swift */,
				AD20E52926AA8CFC003BB5F1 /* SearchBarWithFiltersView.swift */,
				AD3776F6269F270A000AA54C /* UserStorage.swift */,
				AD20E4EE26A9489C003BB5F1 /* Cells */,
				AD20E46226A84B37003BB5F1 /* Adapters */,
				AD20E46E26A87936003BB5F1 /* Modules */,
				AD20E3E5269F638E003BB5F1 /* Models */,
				ADA74FFF26AD2E7C00783E71 /* Services */,
				AD20E40A26A58D8C003BB5F1 /* Common */,
				AD20E44C26A6F289003BB5F1 /* Storage */,
				AD20E47626A8B1D9003BB5F1 /* Resources */,
				AD3776EE269F2698000AA54C /* Info.plist */,
				AD3776EB269F2698000AA54C /* LaunchScreen.storyboard */,
				AD20E3F626A0B539003BB5F1 /* NetworkOld */,
				AD79550926AC067B004E6973 /* SettingsStorage.swift */,
			);
			path = "GitHub Client";
			sourceTree = "<group>";
		};
		AD79550D26AC1188004E6973 /* Search */ = {
			isa = PBXGroup;
			children = (
				AD79550E26AC11D4004E6973 /* SearchConfigurator.swift */,
				AD79551226AC12F9004E6973 /* SearchInteractor.swift */,
				AD79551026AC124F004E6973 /* SearchPresenter.swift */,
				AD20E56B26AB4090003BB5F1 /* SearchResultViewController.swift */,
			);
			path = Search;
			sourceTree = "<group>";
		};
		ADA74FFF26AD2E7C00783E71 /* Services */ = {
			isa = PBXGroup;
			children = (
				ADA7501826AD2F0300783E71 /* RepositoryService */,
				ADA7501B26AD923000783E71 /* UserService */,
				ADA7500526AD2E9500783E71 /* Endpoint.swift */,
				ADA7500B26AD2E9500783E71 /* IssuesService.swift */,
				ADA7500426AD2E9500783E71 /* NetworkService.swift */,
				ADA7500726AD2E9500783E71 /* SearchService.swift */,
				ADA7500926AD2E9500783E71 /* TokenService.swift */,
			);
			path = Services;
			sourceTree = "<group>";
		};
		ADA7501826AD2F0300783E71 /* RepositoryService */ = {
			isa = PBXGroup;
			children = (
				ADA7500A26AD2E9500783E71 /* RepositoriesEndpoint.swift */,
				ADA7500126AD2E9500783E71 /* RepositoryService.swift */,
			);
			path = RepositoryService;
			sourceTree = "<group>";
		};
		ADA7501B26AD923000783E71 /* UserService */ = {
			isa = PBXGroup;
			children = (
				ADA7501926AD922600783E71 /* UserService.swift */,
				ADA7501C26AD924500783E71 /* UserEndpoints.swift */,
			);
			path = UserService;
			sourceTree = "<group>";
		};
		ADA7502026ADA7E000783E71 /* StarredRepoCell */ = {
			isa = PBXGroup;
			children = (
				ADA7502126ADA81E00783E71 /* StarredRepoTableViewCell.swift */,
				ADA7502226ADA81E00783E71 /* StarredRepoTableViewCell.xib */,
			);
			path = StarredRepoCell;
			sourceTree = "<group>";
		};
/* End PBXGroup section */

/* Begin PBXNativeTarget section */
		AD3776DC269F2697000AA54C /* GitHub Client */ = {
			isa = PBXNativeTarget;
			buildConfigurationList = AD3776F1269F2699000AA54C /* Build configuration list for PBXNativeTarget "GitHub Client" */;
			buildPhases = (
				AD3776D9269F2697000AA54C /* Sources */,
				AD3776DA269F2697000AA54C /* Frameworks */,
				AD3776DB269F2697000AA54C /* Resources */,
			);
			buildRules = (
			);
			dependencies = (
			);
			name = "GitHub Client";
			productName = "GitHub Client";
			productReference = AD3776DD269F2697000AA54C /* GitHub Client.app */;
			productType = "com.apple.product-type.application";
		};
/* End PBXNativeTarget section */

/* Begin PBXProject section */
		AD3776D5269F2697000AA54C /* Project object */ = {
			isa = PBXProject;
			attributes = {
				LastSwiftUpdateCheck = 1250;
				LastUpgradeCheck = 1250;
				TargetAttributes = {
					AD3776DC269F2697000AA54C = {
						CreatedOnToolsVersion = 12.5.1;
					};
				};
			};
			buildConfigurationList = AD3776D8269F2697000AA54C /* Build configuration list for PBXProject "GitHub Client" */;
			compatibilityVersion = "Xcode 9.3";
			developmentRegion = en;
			hasScannedForEncodings = 0;
			knownRegions = (
				en,
				Base,
			);
			mainGroup = AD3776D4269F2697000AA54C;
			productRefGroup = AD3776DE269F2697000AA54C /* Products */;
			projectDirPath = "";
			projectRoot = "";
			targets = (
				AD3776DC269F2697000AA54C /* GitHub Client */,
			);
		};
/* End PBXProject section */

/* Begin PBXResourcesBuildPhase section */
		AD3776DB269F2697000AA54C /* Resources */ = {
			isa = PBXResourcesBuildPhase;
			buildActionMask = 2147483647;
			files = (
				AD20E4D426A8B313003BB5F1 /* AppIconPinkLight@2x.png in Resources */,
				AD20E44526A6B749003BB5F1 /* RepositoryDetailsHeaderTableViewCell.xib in Resources */,
				AD20E4D726A8B313003BB5F1 /* AppIconPinkLight@2x-3.png in Resources */,
				AD20E4DF26A8B313003BB5F1 /* AppIconPinkLight@2x-4.png in Resources */,
				AD20E4D826A8B313003BB5F1 /* AppIconPinkLight@3x-1.png in Resources */,
				AD20E57026AB4F39003BB5F1 /* SearchTypeTableViewCell.xib in Resources */,
				AD20E54B26AAB78D003BB5F1 /* FeaturedCollectionViewCell.xib in Resources */,
				AD20E4D226A8B313003BB5F1 /* AppIconPinkLight@3x-3.png in Resources */,
				AD3776ED269F2698000AA54C /* LaunchScreen.storyboard in Resources */,
				AD20E4F826A95DB9003BB5F1 /* FavoritesEmptyTableViewCell.xib in Resources */,
				AD20E42E26A5DDBF003BB5F1 /* ProfilePopularRepositoryCollectionViewCell.xib in Resources */,
				AD20E55526AACAE3003BB5F1 /* SmallCollectionViewCell.xib in Resources */,
				AD20E4E226A8B313003BB5F1 /* AppIconPinkLight@3x.png in Resources */,
				AD79550626ABFD8E004E6973 /* LanguageColors.json in Resources */,
				AD20E41B26A5A019003BB5F1 /* ProfileHeaderTableViewCell.xib in Resources */,
				AD20E4E126A8B313003BB5F1 /* AppIconPinkLight-3.png in Resources */,
				AD20E4E026A8B313003BB5F1 /* AppIconPinkLight.png in Resources */,
				AD20E4E326A8B313003BB5F1 /* AppIconPinkLight@3x-4.png in Resources */,
				AD20E4DA26A8B313003BB5F1 /* AppIconPinkLight-2.png in Resources */,
				AD20E51C26A9B5FE003BB5F1 /* IssueDetailsHeaderTableViewCell.xib in Resources */,
				AD20E53026AA9429003BB5F1 /* DetailTableViewCell.xib in Resources */,
				AD20E4DE26A8B313003BB5F1 /* AppIconPinkLight-4.png in Resources */,
				AD20E4DB26A8B313003BB5F1 /* AppIconPinkLight@2x-2.png in Resources */,
				AD3776EA269F2698000AA54C /* Assets.xcassets in Resources */,
				AD20E55126AAC4B3003BB5F1 /* MediumCollectionViewCell.xib in Resources */,
				AD20E4D326A8B313003BB5F1 /* AppIconPinkLight@2x-7.png in Resources */,
				AD20E55926AAD0B3003BB5F1 /* SmallCategoryCollectionViewCell.xib in Resources */,
				AD20E4D626A8B313003BB5F1 /* AppIconPinkLight@2x-1.png in Resources */,
				AD20E4D926A8B313003BB5F1 /* AppIconPinkLight-1.png in Resources */,
				ADA7502426ADA81E00783E71 /* StarredRepoTableViewCell.xib in Resources */,
				AD20E52126A9B67A003BB5F1 /* IssueDetailsCommentTableViewCell.xib in Resources */,
				AD20E4FD26A95F84003BB5F1 /* RecentEventsTableViewCell.xib in Resources */,
				AD20E4DD26A8B313003BB5F1 /* AppIconPinkLight@2x-5.png in Resources */,
				AD20E43B26A60DBE003BB5F1 /* MyRepositoryTableViewCell.xib in Resources */,
				AD20E4DC26A8B313003BB5F1 /* AppIconPinkLight@3x-2.png in Resources */,
				AD20E51126A9A81A003BB5F1 /* IssueTableViewCell.xib in Resources */,
				AD20E4D526A8B313003BB5F1 /* AppIconPinkLight@2x-6.png in Resources */,
			);
			runOnlyForDeploymentPostprocessing = 0;
		};
/* End PBXResourcesBuildPhase section */

/* Begin PBXSourcesBuildPhase section */
		AD3776D9269F2697000AA54C /* Sources */ = {
			isa = PBXSourcesBuildPhase;
			buildActionMask = 2147483647;
			files = (
				AD20E4EA26A8B9A3003BB5F1 /* SettingAppearanceViewController.swift in Sources */,
				AD20E4F226A94A2B003BB5F1 /* HomePresenter.swift in Sources */,
				AD20E43D26A69F91003BB5F1 /* WebImageView.swift in Sources */,
				AD20E56A26AB2F76003BB5F1 /* ErrorResponse.swift in Sources */,
				AD3776F5269F26B1000AA54C /* LoginViewController.swift in Sources */,
				AD20E3FA26A0B8DB003BB5F1 /* APIEnvironment.swift in Sources */,
				ADA7501A26AD922600783E71 /* UserService.swift in Sources */,
				AD79551326AC12F9004E6973 /* SearchInteractor.swift in Sources */,
				ADA7500E26AD2E9500783E71 /* String+extensions.swift in Sources */,
				AD20E54D26AAB848003BB5F1 /* CollectionCellManager.swift in Sources */,
				AD20E53326AA9908003BB5F1 /* RepositoriesListViewController.swift in Sources */,
				AD20E4FC26A95F84003BB5F1 /* RecentEventsTableViewCell.swift in Sources */,
				AD79550826ABFFF7004E6973 /* UIColor+hex.swift in Sources */,
				AD20E54626AAAB96003BB5F1 /* ExplorePresenter.swift in Sources */,
				AD20E44726A6B845003BB5F1 /* ReadMeTableViewCell.swift in Sources */,
				AD20E53926AA9CC1003BB5F1 /* RepositoryDetailsConfigurator.swift in Sources */,
				AD20E52426A9C164003BB5F1 /* IssueDetailsConfigurator.swift in Sources */,
				AD79550426ABF481004E6973 /* Button.swift in Sources */,
				ADA7501626AD2E9500783E71 /* RepositoriesEndpoint.swift in Sources */,
				AD20E46626A8501F003BB5F1 /* RepositoryAdapter.swift in Sources */,
				AD20E56326AB0147003BB5F1 /* ApplicationPresenter.swift in Sources */,
				AD3776E5269F2697000AA54C /* SearchViewController.swift in Sources */,
				AD20E54226AAA698003BB5F1 /* NotificationsViewController.swift in Sources */,
				ADA7502326ADA81E00783E71 /* StarredRepoTableViewCell.swift in Sources */,
				AD20E45726A723B0003BB5F1 /* AsyncOperation.swift in Sources */,
				AD20E40C26A58DB3003BB5F1 /* BaseTableViewCell.swift in Sources */,
				AD20E56F26AB4F39003BB5F1 /* SearchTypeTableViewCell.swift in Sources */,
				AD20E44926A6B99C003BB5F1 /* RepositoryDetailsPresenter.swift in Sources */,
				AD20E44026A6B5E2003BB5F1 /* RepositoryDetailsViewController.swift in Sources */,
				AD20E52F26AA9429003BB5F1 /* DetailTableViewCell.swift in Sources */,
				AD20E47526A8A522003BB5F1 /* SettingsAppIconViewController.swift in Sources */,
				AD20E52826AA0038003BB5F1 /* IssuesListConfigurator.swift in Sources */,
				AD3776E1269F2697000AA54C /* AppDelegate.swift in Sources */,
				AD3776E3269F2697000AA54C /* SceneDelegate.swift in Sources */,
				AD20E43726A60C4C003BB5F1 /* MyRepositoriesViewController.swift in Sources */,
				AD20E53F26AAA634003BB5F1 /* ExploreConfigurator.swift in Sources */,
				AD20E4F426A94A70003BB5F1 /* HomeInteractor.swift in Sources */,
				AD20E4ED26A8C060003BB5F1 /* HomeViewController.swift in Sources */,
				AD20E3DB269F5139003BB5F1 /* TabBarController.swift in Sources */,
				AD20E50626A993A5003BB5F1 /* Milestone.swift in Sources */,
				AD20E53726AA9926003BB5F1 /* RepositoriesListConfigurator.swift in Sources */,
				AD20E45326A70FC6003BB5F1 /* LocalStorage.swift in Sources */,
				AD20E41D26A5ABCB003BB5F1 /* UIView+NibLoadable.swift in Sources */,
				AD20E54426AAA6F1003BB5F1 /* NotificationsConfigurator.swift in Sources */,
				AD20E40826A58A07003BB5F1 /* TableCellManager.swift in Sources */,
				AD20E56C26AB4090003BB5F1 /* SearchResultViewController.swift in Sources */,
				AD20E42A26A5CAF9003BB5F1 /* Repository.swift in Sources */,
				AD79550226ABEFC5004E6973 /* UIView+IBInspectable.swift in Sources */,
				AD20E57826ABDA7C003BB5F1 /* Dictionary+extensions.swift in Sources */,
				AD20E55026AAC4B3003BB5F1 /* MediumCollectionViewCell.swift in Sources */,
				AD20E46826A86D9C003BB5F1 /* LicenseAdapter.swift in Sources */,
				ADA7501326AD2E9500783E71 /* SearchService.swift in Sources */,
				ADA7501126AD2E9500783E71 /* Endpoint.swift in Sources */,
				AD20E51826A9B2FD003BB5F1 /* IssueDetailsPresenter.swift in Sources */,
				ADA7501F26AD931E00783E71 /* Error+extensions.swift in Sources */,
				ADA7501026AD2E9500783E71 /* NetworkService.swift in Sources */,
				AD20E44E26A6F29D003BB5F1 /* CoreDataStack.swift in Sources */,
				ADA7501D26AD924500783E71 /* UserEndpoints.swift in Sources */,
				AD20E57326AB5132003BB5F1 /* UIImage+extensions.swift in Sources */,
				AD20E45126A6FC32003BB5F1 /* Model.xcdatamodeld in Sources */,
				AD20E47126A897CC003BB5F1 /* SettingsGeneralViewController.swift in Sources */,
				AD20E3E4269F5F86003BB5F1 /* UserProfile.swift in Sources */,
				AD20E52A26AA8CFC003BB5F1 /* SearchBarWithFiltersView.swift in Sources */,
				AD20E56826AB24FA003BB5F1 /* AuthorizationViewController.swift in Sources */,
				AD20E50426A990A9003BB5F1 /* LabelModel.swift in Sources */,
				AD20E43A26A60DBE003BB5F1 /* MyRepositoryTableViewCell.swift in Sources */,
				AD20E44426A6B749003BB5F1 /* RepositoryDetailsHeaderTableViewCell.swift in Sources */,
				AD20E50D26A99DFE003BB5F1 /* IssuesPresenter.swift in Sources */,
				AD20E47326A89934003BB5F1 /* SettingsViewModel.swift in Sources */,
				AD79551126AC124F004E6973 /* SearchPresenter.swift in Sources */,
				AD20E57A26ABDAB1003BB5F1 /* CharacterSet+extensions.swift in Sources */,
				ADA7500D26AD2E9500783E71 /* RepositoryService.swift in Sources */,
				AD20E52026A9B67A003BB5F1 /* IssueDetailsCommentTableViewCell.swift in Sources */,
				AD3776F7269F270A000AA54C /* UserStorage.swift in Sources */,
				AD20E44B26A6BBAE003BB5F1 /* TableViewCell.swift in Sources */,
				AD20E41A26A5A019003BB5F1 /* ProfileHeaderTableViewCell.swift in Sources */,
				AD20E40E26A59514003BB5F1 /* UITableView+extensions.swift in Sources */,
				AD20E53526AA9918003BB5F1 /* RepositoriesListPresenter.swift in Sources */,
				AD20E3DD269F5498003BB5F1 /* ProfileViewController.swift in Sources */,
				AD20E41226A5995C003BB5F1 /* ProfileMostPopularCell.swift in Sources */,
				AD20E3E0269F5E00003BB5F1 /* ProfileConfigurator.swift in Sources */,
				AD79550C26AC0C14004E6973 /* NotificationsEmptyView.swift in Sources */,
				AD20E56526AB1324003BB5F1 /* AccountSettingsViewController.swift in Sources */,
				ADA7501726AD2E9500783E71 /* IssuesService.swift in Sources */,
				AD79550A26AC067B004E6973 /* SettingsStorage.swift in Sources */,
				AD20E3E2269F5E3B003BB5F1 /* ProfilePresenter.swift in Sources */,
				AD20E3F826A0B57F003BB5F1 /* RequestProtocol.swift in Sources */,
				AD20E51626A9B02B003BB5F1 /* IssueDetailsViewController.swift in Sources */,
				AD20E4F726A95DB9003BB5F1 /* FavoritesEmptyTableViewCell.swift in Sources */,
				AD20E50B26A99982003BB5F1 /* IssuesViewController.swift in Sources */,
				AD20E55826AAD0B3003BB5F1 /* SmallCategoryCollectionViewCell.swift in Sources */,
				AD20E40026A15A83003BB5F1 /* APIRequestDispatcher.swift in Sources */,
				AD20E53D26AAA5F1003BB5F1 /* ExploreViewController.swift in Sources */,
				AD20E45B26A74279003BB5F1 /* ProfileInteractor.swift in Sources */,
				AD20E46126A8299B003BB5F1 /* ServicesManager.swift in Sources */,
				AD20E40226A16EAB003BB5F1 /* GitHubEndpoint.swift in Sources */,
				AD20E46426A84B4E003BB5F1 /* UserProfileAdapter.swift in Sources */,
				AD20E51026A9A81A003BB5F1 /* IssueTableViewCell.swift in Sources */,
				AD20E55426AACAE3003BB5F1 /* SmallCollectionViewCell.swift in Sources */,
				AD20E54A26AAB78D003BB5F1 /* FeaturedCollectionViewCell.swift in Sources */,
				AD20E3FE26A1514C003BB5F1 /* APIOperation.swift in Sources */,
				AD79550F26AC11D4004E6973 /* SearchConfigurator.swift in Sources */,
				AD20E50826A994A6003BB5F1 /* PullRequest.swift in Sources */,
				AD20E3D9269F454E003BB5F1 /* Constants.swift in Sources */,
				AD20E42D26A5DDBF003BB5F1 /* ProfilePopularRepositoryCollectionViewCell.swift in Sources */,
				ADA7501526AD2E9500783E71 /* TokenService.swift in Sources */,
				AD20E45526A719B8003BB5F1 /* CoreDataManager.swift in Sources */,
				AD20E51B26A9B5FE003BB5F1 /* IssueDetailsHeaderTableViewCell.swift in Sources */,
				AD20E4F026A949B8003BB5F1 /* HomeConfigurator.swift in Sources */,
				AD20E50226A96774003BB5F1 /* Issue.swift in Sources */,
				AD20E3FC26A0BD1D003BB5F1 /* APINetworkSession.swift in Sources */,
				AD20E56126AAFB35003BB5F1 /* TokenResponse.swift in Sources */,
			);
			runOnlyForDeploymentPostprocessing = 0;
		};
/* End PBXSourcesBuildPhase section */

/* Begin PBXVariantGroup section */
		AD3776EB269F2698000AA54C /* LaunchScreen.storyboard */ = {
			isa = PBXVariantGroup;
			children = (
				AD3776EC269F2698000AA54C /* Base */,
			);
			name = LaunchScreen.storyboard;
			sourceTree = "<group>";
		};
/* End PBXVariantGroup section */

/* Begin XCBuildConfiguration section */
		AD3776EF269F2699000AA54C /* Debug */ = {
			isa = XCBuildConfiguration;
			buildSettings = {
				ALWAYS_SEARCH_USER_PATHS = NO;
				CLANG_ANALYZER_NONNULL = YES;
				CLANG_ANALYZER_NUMBER_OBJECT_CONVERSION = YES_AGGRESSIVE;
				CLANG_CXX_LANGUAGE_STANDARD = "gnu++14";
				CLANG_CXX_LIBRARY = "libc++";
				CLANG_ENABLE_MODULES = YES;
				CLANG_ENABLE_OBJC_ARC = YES;
				CLANG_ENABLE_OBJC_WEAK = YES;
				CLANG_WARN_BLOCK_CAPTURE_AUTORELEASING = YES;
				CLANG_WARN_BOOL_CONVERSION = YES;
				CLANG_WARN_COMMA = YES;
				CLANG_WARN_CONSTANT_CONVERSION = YES;
				CLANG_WARN_DEPRECATED_OBJC_IMPLEMENTATIONS = YES;
				CLANG_WARN_DIRECT_OBJC_ISA_USAGE = YES_ERROR;
				CLANG_WARN_DOCUMENTATION_COMMENTS = YES;
				CLANG_WARN_EMPTY_BODY = YES;
				CLANG_WARN_ENUM_CONVERSION = YES;
				CLANG_WARN_INFINITE_RECURSION = YES;
				CLANG_WARN_INT_CONVERSION = YES;
				CLANG_WARN_NON_LITERAL_NULL_CONVERSION = YES;
				CLANG_WARN_OBJC_IMPLICIT_RETAIN_SELF = YES;
				CLANG_WARN_OBJC_LITERAL_CONVERSION = YES;
				CLANG_WARN_OBJC_ROOT_CLASS = YES_ERROR;
				CLANG_WARN_QUOTED_INCLUDE_IN_FRAMEWORK_HEADER = YES;
				CLANG_WARN_RANGE_LOOP_ANALYSIS = YES;
				CLANG_WARN_STRICT_PROTOTYPES = YES;
				CLANG_WARN_SUSPICIOUS_MOVE = YES;
				CLANG_WARN_UNGUARDED_AVAILABILITY = YES_AGGRESSIVE;
				CLANG_WARN_UNREACHABLE_CODE = YES;
				CLANG_WARN__DUPLICATE_METHOD_MATCH = YES;
				COPY_PHASE_STRIP = NO;
				DEBUG_INFORMATION_FORMAT = dwarf;
				ENABLE_STRICT_OBJC_MSGSEND = YES;
				ENABLE_TESTABILITY = YES;
				GCC_C_LANGUAGE_STANDARD = gnu11;
				GCC_DYNAMIC_NO_PIC = NO;
				GCC_NO_COMMON_BLOCKS = YES;
				GCC_OPTIMIZATION_LEVEL = 0;
				GCC_PREPROCESSOR_DEFINITIONS = (
					"DEBUG=1",
					"$(inherited)",
				);
				GCC_WARN_64_TO_32_BIT_CONVERSION = YES;
				GCC_WARN_ABOUT_RETURN_TYPE = YES_ERROR;
				GCC_WARN_UNDECLARED_SELECTOR = YES;
				GCC_WARN_UNINITIALIZED_AUTOS = YES_AGGRESSIVE;
				GCC_WARN_UNUSED_FUNCTION = YES;
				GCC_WARN_UNUSED_VARIABLE = YES;
				IPHONEOS_DEPLOYMENT_TARGET = 13.0;
				MTL_ENABLE_DEBUG_INFO = INCLUDE_SOURCE;
				MTL_FAST_MATH = YES;
				ONLY_ACTIVE_ARCH = YES;
				SDKROOT = iphoneos;
				SWIFT_ACTIVE_COMPILATION_CONDITIONS = DEBUG;
				SWIFT_OPTIMIZATION_LEVEL = "-Onone";
			};
			name = Debug;
		};
		AD3776F0269F2699000AA54C /* Release */ = {
			isa = XCBuildConfiguration;
			buildSettings = {
				ALWAYS_SEARCH_USER_PATHS = NO;
				CLANG_ANALYZER_NONNULL = YES;
				CLANG_ANALYZER_NUMBER_OBJECT_CONVERSION = YES_AGGRESSIVE;
				CLANG_CXX_LANGUAGE_STANDARD = "gnu++14";
				CLANG_CXX_LIBRARY = "libc++";
				CLANG_ENABLE_MODULES = YES;
				CLANG_ENABLE_OBJC_ARC = YES;
				CLANG_ENABLE_OBJC_WEAK = YES;
				CLANG_WARN_BLOCK_CAPTURE_AUTORELEASING = YES;
				CLANG_WARN_BOOL_CONVERSION = YES;
				CLANG_WARN_COMMA = YES;
				CLANG_WARN_CONSTANT_CONVERSION = YES;
				CLANG_WARN_DEPRECATED_OBJC_IMPLEMENTATIONS = YES;
				CLANG_WARN_DIRECT_OBJC_ISA_USAGE = YES_ERROR;
				CLANG_WARN_DOCUMENTATION_COMMENTS = YES;
				CLANG_WARN_EMPTY_BODY = YES;
				CLANG_WARN_ENUM_CONVERSION = YES;
				CLANG_WARN_INFINITE_RECURSION = YES;
				CLANG_WARN_INT_CONVERSION = YES;
				CLANG_WARN_NON_LITERAL_NULL_CONVERSION = YES;
				CLANG_WARN_OBJC_IMPLICIT_RETAIN_SELF = YES;
				CLANG_WARN_OBJC_LITERAL_CONVERSION = YES;
				CLANG_WARN_OBJC_ROOT_CLASS = YES_ERROR;
				CLANG_WARN_QUOTED_INCLUDE_IN_FRAMEWORK_HEADER = YES;
				CLANG_WARN_RANGE_LOOP_ANALYSIS = YES;
				CLANG_WARN_STRICT_PROTOTYPES = YES;
				CLANG_WARN_SUSPICIOUS_MOVE = YES;
				CLANG_WARN_UNGUARDED_AVAILABILITY = YES_AGGRESSIVE;
				CLANG_WARN_UNREACHABLE_CODE = YES;
				CLANG_WARN__DUPLICATE_METHOD_MATCH = YES;
				COPY_PHASE_STRIP = NO;
				DEBUG_INFORMATION_FORMAT = "dwarf-with-dsym";
				ENABLE_NS_ASSERTIONS = NO;
				ENABLE_STRICT_OBJC_MSGSEND = YES;
				GCC_C_LANGUAGE_STANDARD = gnu11;
				GCC_NO_COMMON_BLOCKS = YES;
				GCC_WARN_64_TO_32_BIT_CONVERSION = YES;
				GCC_WARN_ABOUT_RETURN_TYPE = YES_ERROR;
				GCC_WARN_UNDECLARED_SELECTOR = YES;
				GCC_WARN_UNINITIALIZED_AUTOS = YES_AGGRESSIVE;
				GCC_WARN_UNUSED_FUNCTION = YES;
				GCC_WARN_UNUSED_VARIABLE = YES;
				IPHONEOS_DEPLOYMENT_TARGET = 13.0;
				MTL_ENABLE_DEBUG_INFO = NO;
				MTL_FAST_MATH = YES;
				SDKROOT = iphoneos;
				SWIFT_COMPILATION_MODE = wholemodule;
				SWIFT_OPTIMIZATION_LEVEL = "-O";
				VALIDATE_PRODUCT = YES;
			};
			name = Release;
		};
		AD3776F2269F2699000AA54C /* Debug */ = {
			isa = XCBuildConfiguration;
			buildSettings = {
				ASSETCATALOG_COMPILER_APPICON_NAME = AppIcon;
				ASSETCATALOG_COMPILER_GLOBAL_ACCENT_COLOR_NAME = AccentColor;
				CODE_SIGN_STYLE = Automatic;
				DEVELOPMENT_TEAM = L9BJ22NY9Z;
				INFOPLIST_FILE = "GitHub Client/Info.plist";
				LD_RUNPATH_SEARCH_PATHS = (
					"$(inherited)",
					"@executable_path/Frameworks",
				);
				PRODUCT_BUNDLE_IDENTIFIER = "massacr.inc.GitHub-Client";
				PRODUCT_NAME = "$(TARGET_NAME)";
				SWIFT_VERSION = 5.0;
				TARGETED_DEVICE_FAMILY = "1,2";
			};
			name = Debug;
		};
		AD3776F3269F2699000AA54C /* Release */ = {
			isa = XCBuildConfiguration;
			buildSettings = {
				ASSETCATALOG_COMPILER_APPICON_NAME = AppIcon;
				ASSETCATALOG_COMPILER_GLOBAL_ACCENT_COLOR_NAME = AccentColor;
				CODE_SIGN_STYLE = Automatic;
				DEVELOPMENT_TEAM = L9BJ22NY9Z;
				INFOPLIST_FILE = "GitHub Client/Info.plist";
				LD_RUNPATH_SEARCH_PATHS = (
					"$(inherited)",
					"@executable_path/Frameworks",
				);
				PRODUCT_BUNDLE_IDENTIFIER = "massacr.inc.GitHub-Client";
				PRODUCT_NAME = "$(TARGET_NAME)";
				SWIFT_VERSION = 5.0;
				TARGETED_DEVICE_FAMILY = "1,2";
			};
			name = Release;
		};
/* End XCBuildConfiguration section */

/* Begin XCConfigurationList section */
		AD3776D8269F2697000AA54C /* Build configuration list for PBXProject "GitHub Client" */ = {
			isa = XCConfigurationList;
			buildConfigurations = (
				AD3776EF269F2699000AA54C /* Debug */,
				AD3776F0269F2699000AA54C /* Release */,
			);
			defaultConfigurationIsVisible = 0;
			defaultConfigurationName = Release;
		};
		AD3776F1269F2699000AA54C /* Build configuration list for PBXNativeTarget "GitHub Client" */ = {
			isa = XCConfigurationList;
			buildConfigurations = (
				AD3776F2269F2699000AA54C /* Debug */,
				AD3776F3269F2699000AA54C /* Release */,
			);
			defaultConfigurationIsVisible = 0;
			defaultConfigurationName = Release;
		};
/* End XCConfigurationList section */

/* Begin XCVersionGroup section */
		AD20E44F26A6FC32003BB5F1 /* Model.xcdatamodeld */ = {
			isa = XCVersionGroup;
			children = (
				AD20E45026A6FC32003BB5F1 /* Model.xcdatamodel */,
			);
			currentVersion = AD20E45026A6FC32003BB5F1 /* Model.xcdatamodel */;
			path = Model.xcdatamodeld;
			sourceTree = "<group>";
			versionGroupType = wrapper.xcdatamodel;
		};
/* End XCVersionGroup section */
	};
	rootObject = AD3776D5269F2697000AA54C /* Project object */;
}
